// !$*UTF8*$!
{
	archiveVersion = 1;
	classes = {
	};
	objectVersion = 70;
	objects = {

/* Begin PBXBuildFile section */
		772EDE442DB7681200BEE3ED /* CameraDeviceListView.swift in Sources */ = {isa = PBXBuildFile; fileRef = 772EDE432DB7681200BEE3ED /* CameraDeviceListView.swift */; };
		772EDE452DB7681200BEE3ED /* CameraDeviceListView.swift in Sources */ = {isa = PBXBuildFile; fileRef = 772EDE432DB7681200BEE3ED /* CameraDeviceListView.swift */; };
		772EDE472DB7682B00BEE3ED /* CameraMonitorView.swift in Sources */ = {isa = PBXBuildFile; fileRef = 772EDE462DB7682B00BEE3ED /* CameraMonitorView.swift */; };
		772EDE482DB7682B00BEE3ED /* CameraMonitorView.swift in Sources */ = {isa = PBXBuildFile; fileRef = 772EDE462DB7682B00BEE3ED /* CameraMonitorView.swift */; };
		774A432B2DD1B2BE0085153C /* CameraConnectView.swift in Sources */ = {isa = PBXBuildFile; fileRef = 774A432A2DD1B2BE0085153C /* CameraConnectView.swift */; };
		774A432C2DD1B2BE0085153C /* CameraConnectView.swift in Sources */ = {isa = PBXBuildFile; fileRef = 774A432A2DD1B2BE0085153C /* CameraConnectView.swift */; };
		775B64032DB526AD00E60CF4 /* ComposaCaptureExtension.appex in Embed ExtensionKit Extensions */ = {isa = PBXBuildFile; fileRef = C47C99BA2CA1C6BB00B5338B /* ComposaCaptureExtension.appex */; settings = {ATTRIBUTES = (RemoveHeadersOnCopy, ); }; };
		775B64062DB526AD00E60CF4 /* ComposaControlCenterExtension.appex in Embed Foundation Extensions */ = {isa = PBXBuildFile; fileRef = C4C6E1FA2CA1CF250081A8EA /* ComposaControlCenterExtension.appex */; settings = {ATTRIBUTES = (RemoveHeadersOnCopy, ); }; };
		775B64522DB5272500E60CF4 /* WatchConnectivity.framework in Frameworks */ = {isa = PBXBuildFile; fileRef = 77EE99AD2DB5230D00F35299 /* WatchConnectivity.framework */; };
		775B64532DB5274100E60CF4 /* WatchConnectivity.framework in Frameworks */ = {isa = PBXBuildFile; fileRef = 77EE99AB2DB5228C00F35299 /* WatchConnectivity.framework */; };
		77D6D82D2DB529F1006B0BF6 /* FrameCaptureService.swift in Sources */ = {isa = PBXBuildFile; fileRef = 77D6D82C2DB529F1006B0BF6 /* FrameCaptureService.swift */; };
		77D6D82E2DB529F1006B0BF6 /* FrameCaptureService.swift in Sources */ = {isa = PBXBuildFile; fileRef = 77D6D82C2DB529F1006B0BF6 /* FrameCaptureService.swift */; };
		77EE99992DB51C6A00F35299 /* (null) in Embed Watch Content */ = {isa = PBXBuildFile; settings = {ATTRIBUTES = (RemoveHeadersOnCopy, ); }; };
		C400F46128DFD8AC00861093 /* ThumbnailButton.swift in Sources */ = {isa = PBXBuildFile; fileRef = C400F45E28DFD8AC00861093 /* ThumbnailButton.swift */; };
		C400F46328DFDAB700861093 /* FoundationExtensions.swift in Sources */ = {isa = PBXBuildFile; fileRef = C400F46228DFDAB700861093 /* FoundationExtensions.swift */; };
		C40A95B92CC9A91A00A02AF1 /* CameraState.swift in Sources */ = {isa = PBXBuildFile; fileRef = C4A73C9F2CC0748800C2FA84 /* CameraState.swift */; };
		C424961F2889CDC400C05256 /* CaptureModeView.swift in Sources */ = {isa = PBXBuildFile; fileRef = C424961E2889CDC400C05256 /* CaptureModeView.swift */; };
		C442A31128BEAEA70029B42B /* MediaLibrary.swift in Sources */ = {isa = PBXBuildFile; fileRef = C442A31028BEAEA70029B42B /* MediaLibrary.swift */; };
		C44DC7BE289AC3DD0099BB87 /* PreviewContainer.swift in Sources */ = {isa = PBXBuildFile; fileRef = C44DC7BD289AC3DD0099BB87 /* PreviewContainer.swift */; };
		C4518410289C5FD700B35C89 /* ViewExtensions.swift in Sources */ = {isa = PBXBuildFile; fileRef = C451840F289C5FD700B35C89 /* ViewExtensions.swift */; };
		C472D846285BBFA60082244A /* DeviceLookup.swift in Sources */ = {isa = PBXBuildFile; fileRef = C472D845285BBFA60082244A /* DeviceLookup.swift */; };
		C472D84F285BDFA60082244A /* MainToolbar.swift in Sources */ = {isa = PBXBuildFile; fileRef = C472D84D285BDFA60082244A /* MainToolbar.swift */; };
		C475973128A71BEC00D1D029 /* CaptureButton.swift in Sources */ = {isa = PBXBuildFile; fileRef = C475973028A71BEC00D1D029 /* CaptureButton.swift */; };
		C48091852BD584AD00753C4A /* CameraModel.swift in Sources */ = {isa = PBXBuildFile; fileRef = C48091832BD584AD00753C4A /* CameraModel.swift */; };
		C480918B2BD59D7D00753C4A /* SPCObserver.swift in Sources */ = {isa = PBXBuildFile; fileRef = C48091892BD59D7D00753C4A /* SPCObserver.swift */; };
		C4A349DF28BD4B700056FAAF /* SwitchCameraButton.swift in Sources */ = {isa = PBXBuildFile; fileRef = C4A349DE28BD4B700056FAAF /* SwitchCameraButton.swift */; };
		C4A73C9E2CC015E300C2FA84 /* DataTypes.swift in Sources */ = {isa = PBXBuildFile; fileRef = C4DFD84328C3E173005B74F0 /* DataTypes.swift */; };
		C4A73CA02CC0748800C2FA84 /* CameraState.swift in Sources */ = {isa = PBXBuildFile; fileRef = C4A73C9F2CC0748800C2FA84 /* CameraState.swift */; };
		C4A73CA12CC0748800C2FA84 /* CameraState.swift in Sources */ = {isa = PBXBuildFile; fileRef = C4A73C9F2CC0748800C2FA84 /* CameraState.swift */; };
		C4C5531A2CA1D5A3005D940C /* PreviewContainer.swift in Sources */ = {isa = PBXBuildFile; fileRef = C44DC7BD289AC3DD0099BB87 /* PreviewContainer.swift */; };
		C4C5531B2CA1D5A3005D940C /* CaptureService.swift in Sources */ = {isa = PBXBuildFile; fileRef = C4F82CCB285AE206005D427A /* CaptureService.swift */; };
		C4C5531C2CA1D5A3005D940C /* RecordingTimeView.swift in Sources */ = {isa = PBXBuildFile; fileRef = C4C686222892E33E0038EDE1 /* RecordingTimeView.swift */; };
		C4C5531D2CA1D5A3005D940C /* LiveBadge.swift in Sources */ = {isa = PBXBuildFile; fileRef = C4DFD84728C5665E005B74F0 /* LiveBadge.swift */; };
		C4C5531E2CA1D5A3005D940C /* MovieCapture.swift in Sources */ = {isa = PBXBuildFile; fileRef = C4EA0DBF2891EFC20085A584 /* MovieCapture.swift */; };
		C4C5531F2CA1D5A3005D940C /* Camera.swift in Sources */ = {isa = PBXBuildFile; fileRef = C4F82CC9285AE13B005D427A /* Camera.swift */; };
		C4C553202CA1D5A3005D940C /* FoundationExtensions.swift in Sources */ = {isa = PBXBuildFile; fileRef = C400F46228DFDAB700861093 /* FoundationExtensions.swift */; };
		C4C553212CA1D5A3005D940C /* PhotoCapture.swift in Sources */ = {isa = PBXBuildFile; fileRef = C4E15AB02898660900827683 /* PhotoCapture.swift */; };
		C4C553222CA1D5A3005D940C /* PreviewCameraModel.swift in Sources */ = {isa = PBXBuildFile; fileRef = C4DCF51328947AFA00805EE2 /* PreviewCameraModel.swift */; };
		C4C553232CA1D5A3005D940C /* CameraPreview.swift in Sources */ = {isa = PBXBuildFile; fileRef = C4F82CCD285AE233005D427A /* CameraPreview.swift */; };
		C4C553242CA1D5A3005D940C /* FeatureToolbar.swift in Sources */ = {isa = PBXBuildFile; fileRef = C4EA0DCA289205C10085A584 /* FeatureToolbar.swift */; };
		C4C553252CA1D5A3005D940C /* DataTypes.swift in Sources */ = {isa = PBXBuildFile; fileRef = C4DFD84328C3E173005B74F0 /* DataTypes.swift */; };
		C4C553262CA1D5A3005D940C /* MainToolbar.swift in Sources */ = {isa = PBXBuildFile; fileRef = C472D84D285BDFA60082244A /* MainToolbar.swift */; };
		C4C553272CA1D5A3005D940C /* CameraView.swift in Sources */ = {isa = PBXBuildFile; fileRef = C4E15AAE2898620E00827683 /* CameraView.swift */; };
		C4C553282CA1D5A3005D940C /* CameraUI.swift in Sources */ = {isa = PBXBuildFile; fileRef = C4CB95CF2BF06EA6000CF8C7 /* CameraUI.swift */; };
		C4C553292CA1D5A3005D940C /* CaptureExtensions.swift in Sources */ = {isa = PBXBuildFile; fileRef = C4EA0DC22891F2F80085A584 /* CaptureExtensions.swift */; };
		C4C5532A2CA1D5A3005D940C /* DeviceLookup.swift in Sources */ = {isa = PBXBuildFile; fileRef = C472D845285BBFA60082244A /* DeviceLookup.swift */; };
		C4C5532B2CA1D5A3005D940C /* CameraModel.swift in Sources */ = {isa = PBXBuildFile; fileRef = C48091832BD584AD00753C4A /* CameraModel.swift */; };
		C4C5532C2CA1D5A3005D940C /* ThumbnailButton.swift in Sources */ = {isa = PBXBuildFile; fileRef = C400F45E28DFD8AC00861093 /* ThumbnailButton.swift */; };
		C4C5532D2CA1D5A3005D940C /* SwitchCameraButton.swift in Sources */ = {isa = PBXBuildFile; fileRef = C4A349DE28BD4B700056FAAF /* SwitchCameraButton.swift */; };
		C4C5532E2CA1D5A3005D940C /* MediaLibrary.swift in Sources */ = {isa = PBXBuildFile; fileRef = C442A31028BEAEA70029B42B /* MediaLibrary.swift */; };
		C4C5532F2CA1D5A3005D940C /* ViewExtensions.swift in Sources */ = {isa = PBXBuildFile; fileRef = C451840F289C5FD700B35C89 /* ViewExtensions.swift */; };
		C4C553302CA1D5A3005D940C /* CaptureModeView.swift in Sources */ = {isa = PBXBuildFile; fileRef = C424961E2889CDC400C05256 /* CaptureModeView.swift */; };
		C4C553312CA1D5A3005D940C /* SPCObserver.swift in Sources */ = {isa = PBXBuildFile; fileRef = C48091892BD59D7D00753C4A /* SPCObserver.swift */; };
		C4C553322CA1D5A3005D940C /* CaptureButton.swift in Sources */ = {isa = PBXBuildFile; fileRef = C475973028A71BEC00D1D029 /* CaptureButton.swift */; };
		C4C553332CA1D5A3005D940C /* StatusOverlayView.swift in Sources */ = {isa = PBXBuildFile; fileRef = C4DFD84528C3ED3D005B74F0 /* StatusOverlayView.swift */; };
		C4C686232892E33E0038EDE1 /* RecordingTimeView.swift in Sources */ = {isa = PBXBuildFile; fileRef = C4C686222892E33E0038EDE1 /* RecordingTimeView.swift */; };
		C4C6E1FD2CA1CF250081A8EA /* WidgetKit.framework in Frameworks */ = {isa = PBXBuildFile; fileRef = C4C6E1FC2CA1CF250081A8EA /* WidgetKit.framework */; };
		C4C6E1FF2CA1CF250081A8EA /* SwiftUI.framework in Frameworks */ = {isa = PBXBuildFile; fileRef = C4C6E1FE2CA1CF250081A8EA /* SwiftUI.framework */; };
		C4C6E2112CA1CF860081A8EA /* AVCamCaptureIntent.swift in Sources */ = {isa = PBXBuildFile; fileRef = C4C6E2102CA1CF860081A8EA /* AVCamCaptureIntent.swift */; };
		C4C6E2142CA1D01A0081A8EA /* AVCamCaptureIntent.swift in Sources */ = {isa = PBXBuildFile; fileRef = C4C6E2102CA1CF860081A8EA /* AVCamCaptureIntent.swift */; };
		C4C6E2152CA1D01A0081A8EA /* AVCamCaptureIntent.swift in Sources */ = {isa = PBXBuildFile; fileRef = C4C6E2102CA1CF860081A8EA /* AVCamCaptureIntent.swift */; };
		C4CB95D02BF06EA6000CF8C7 /* CameraUI.swift in Sources */ = {isa = PBXBuildFile; fileRef = C4CB95CF2BF06EA6000CF8C7 /* CameraUI.swift */; };
		C4DCF51428947AFA00805EE2 /* PreviewCameraModel.swift in Sources */ = {isa = PBXBuildFile; fileRef = C4DCF51328947AFA00805EE2 /* PreviewCameraModel.swift */; };
		C4DFD84428C3E173005B74F0 /* DataTypes.swift in Sources */ = {isa = PBXBuildFile; fileRef = C4DFD84328C3E173005B74F0 /* DataTypes.swift */; };
		C4DFD84628C3ED3D005B74F0 /* StatusOverlayView.swift in Sources */ = {isa = PBXBuildFile; fileRef = C4DFD84528C3ED3D005B74F0 /* StatusOverlayView.swift */; };
		C4DFD84828C5665E005B74F0 /* LiveBadge.swift in Sources */ = {isa = PBXBuildFile; fileRef = C4DFD84728C5665E005B74F0 /* LiveBadge.swift */; };
		C4E15AAF2898620E00827683 /* CameraView.swift in Sources */ = {isa = PBXBuildFile; fileRef = C4E15AAE2898620E00827683 /* CameraView.swift */; };
		C4E15AB12898660900827683 /* PhotoCapture.swift in Sources */ = {isa = PBXBuildFile; fileRef = C4E15AB02898660900827683 /* PhotoCapture.swift */; };
		C4EA0DC02891EFC20085A584 /* MovieCapture.swift in Sources */ = {isa = PBXBuildFile; fileRef = C4EA0DBF2891EFC20085A584 /* MovieCapture.swift */; };
		C4EA0DC32891F2F80085A584 /* CaptureExtensions.swift in Sources */ = {isa = PBXBuildFile; fileRef = C4EA0DC22891F2F80085A584 /* CaptureExtensions.swift */; };
		C4EA0DCB289205C10085A584 /* FeatureToolbar.swift in Sources */ = {isa = PBXBuildFile; fileRef = C4EA0DCA289205C10085A584 /* FeatureToolbar.swift */; };
		C4F82C9D285ADDA2005D427A /* ComposaApp.swift in Sources */ = {isa = PBXBuildFile; fileRef = C4F82C9C285ADDA2005D427A /* ComposaApp.swift */; };
		C4F82CA1285ADDA3005D427A /* Assets.xcassets in Resources */ = {isa = PBXBuildFile; fileRef = C4F82CA0285ADDA3005D427A /* Assets.xcassets */; };
		C4F82CA5285ADDA3005D427A /* Preview Assets.xcassets in Resources */ = {isa = PBXBuildFile; fileRef = C4F82CA4285ADDA3005D427A /* Preview Assets.xcassets */; };
		C4F82CCA285AE13B005D427A /* Camera.swift in Sources */ = {isa = PBXBuildFile; fileRef = C4F82CC9285AE13B005D427A /* Camera.swift */; };
		C4F82CCC285AE206005D427A /* CaptureService.swift in Sources */ = {isa = PBXBuildFile; fileRef = C4F82CCB285AE206005D427A /* CaptureService.swift */; };
		C4F82CCE285AE233005D427A /* CameraPreview.swift in Sources */ = {isa = PBXBuildFile; fileRef = C4F82CCD285AE233005D427A /* CameraPreview.swift */; };
/* End PBXBuildFile section */

/* Begin PBXContainerItemProxy section */
		775B64042DB526AD00E60CF4 /* PBXContainerItemProxy */ = {
			isa = PBXContainerItemProxy;
			containerPortal = C4F82C91285ADDA2005D427A /* Project object */;
			proxyType = 1;
			remoteGlobalIDString = C47C99B92CA1C6BB00B5338B;
			remoteInfo = AVCamCaptureExtension;
		};
		775B64072DB526AD00E60CF4 /* PBXContainerItemProxy */ = {
			isa = PBXContainerItemProxy;
			containerPortal = C4F82C91285ADDA2005D427A /* Project object */;
			proxyType = 1;
			remoteGlobalIDString = C4C6E1F92CA1CF250081A8EA;
			remoteInfo = AVCamControlCenterExtension;
		};
		775B64352DB526E800E60CF4 /* PBXContainerItemProxy */ = {
			isa = PBXContainerItemProxy;
			containerPortal = C4F82C91285ADDA2005D427A /* Project object */;
			proxyType = 1;
			remoteGlobalIDString = 775B64242DB526E600E60CF4;
			remoteInfo = "AVCamRemoteApp Watch App";
		};
		775B643F2DB526E800E60CF4 /* PBXContainerItemProxy */ = {
			isa = PBXContainerItemProxy;
			containerPortal = C4F82C91285ADDA2005D427A /* Project object */;
			proxyType = 1;
			remoteGlobalIDString = 775B64242DB526E600E60CF4;
			remoteInfo = "AVCamRemoteApp Watch App";
		};
/* End PBXContainerItemProxy section */

/* Begin PBXCopyFilesBuildPhase section */
		775B64092DB526AD00E60CF4 /* Embed ExtensionKit Extensions */ = {
			isa = PBXCopyFilesBuildPhase;
			buildActionMask = 2147483647;
			dstPath = "$(EXTENSIONS_FOLDER_PATH)";
			dstSubfolderSpec = 16;
			files = (
				775B64032DB526AD00E60CF4 /* ComposaCaptureExtension.appex in Embed ExtensionKit Extensions */,
			);
			name = "Embed ExtensionKit Extensions";
			runOnlyForDeploymentPostprocessing = 0;
		};
		775B640A2DB526AD00E60CF4 /* Embed Foundation Extensions */ = {
			isa = PBXCopyFilesBuildPhase;
			buildActionMask = 2147483647;
			dstPath = "";
			dstSubfolderSpec = 13;
			files = (
				775B64062DB526AD00E60CF4 /* ComposaControlCenterExtension.appex in Embed Foundation Extensions */,
			);
			name = "Embed Foundation Extensions";
			runOnlyForDeploymentPostprocessing = 0;
		};
		77EE999A2DB51C6A00F35299 /* Embed Watch Content */ = {
			isa = PBXCopyFilesBuildPhase;
			buildActionMask = 2147483647;
			dstPath = "$(CONTENTS_FOLDER_PATH)/Watch";
			dstSubfolderSpec = 16;
			files = (
				77EE99992DB51C6A00F35299 /* (null) in Embed Watch Content */,
			);
			name = "Embed Watch Content";
			runOnlyForDeploymentPostprocessing = 0;
		};
/* End PBXCopyFilesBuildPhase section */

/* Begin PBXFileReference section */
		4171C532FBB2053E055D7336 /* SampleCode.xcconfig */ = {isa = PBXFileReference; lastKnownFileType = text.xcconfig; name = SampleCode.xcconfig; path = Configuration/SampleCode.xcconfig; sourceTree = "<group>"; };
		7710E8B4E5AEBAFE7C73EBAA /* README.md */ = {isa = PBXFileReference; lastKnownFileType = net.daringfireball.markdown; path = README.md; sourceTree = "<group>"; };
		772EDE432DB7681200BEE3ED /* CameraDeviceListView.swift */ = {isa = PBXFileReference; lastKnownFileType = sourcecode.swift; path = CameraDeviceListView.swift; sourceTree = "<group>"; };
		772EDE462DB7682B00BEE3ED /* CameraMonitorView.swift */ = {isa = PBXFileReference; lastKnownFileType = sourcecode.swift; path = CameraMonitorView.swift; sourceTree = "<group>"; };
		774A432A2DD1B2BE0085153C /* CameraConnectView.swift */ = {isa = PBXFileReference; lastKnownFileType = sourcecode.swift; path = CameraConnectView.swift; sourceTree = "<group>"; };
		775B64252DB526E600E60CF4 /* ComposaRemoteApp Watch App.app */ = {isa = PBXFileReference; explicitFileType = wrapper.application; includeInIndex = 0; path = "ComposaRemoteApp Watch App.app"; sourceTree = BUILT_PRODUCTS_DIR; };
		775B64342DB526E800E60CF4 /* ComposaRemoteApp Watch AppTests.xctest */ = {isa = PBXFileReference; explicitFileType = wrapper.cfbundle; includeInIndex = 0; path = "ComposaRemoteApp Watch AppTests.xctest"; sourceTree = BUILT_PRODUCTS_DIR; };
		775B643E2DB526E800E60CF4 /* ComposaRemoteApp Watch AppUITests.xctest */ = {isa = PBXFileReference; explicitFileType = wrapper.cfbundle; includeInIndex = 0; path = "ComposaRemoteApp Watch AppUITests.xctest"; sourceTree = BUILT_PRODUCTS_DIR; };
		77D6D82C2DB529F1006B0BF6 /* FrameCaptureService.swift */ = {isa = PBXFileReference; lastKnownFileType = sourcecode.swift; path = FrameCaptureService.swift; sourceTree = "<group>"; };
		77EE99A82DB5206100F35299 /* Info.plist */ = {isa = PBXFileReference; lastKnownFileType = text.plist; path = Info.plist; sourceTree = "<group>"; };
		77EE99AB2DB5228C00F35299 /* WatchConnectivity.framework */ = {isa = PBXFileReference; lastKnownFileType = wrapper.framework; name = WatchConnectivity.framework; path = System/Library/Frameworks/WatchConnectivity.framework; sourceTree = SDKROOT; };
		77EE99AD2DB5230D00F35299 /* WatchConnectivity.framework */ = {isa = PBXFileReference; lastKnownFileType = wrapper.framework; name = WatchConnectivity.framework; path = Platforms/WatchOS.platform/Developer/SDKs/WatchOS11.1.sdk/System/Library/Frameworks/WatchConnectivity.framework; sourceTree = DEVELOPER_DIR; };
		B92404E334D9008D3705950F /* LICENSE.txt */ = {isa = PBXFileReference; includeInIndex = 1; lastKnownFileType = text; path = LICENSE.txt; sourceTree = "<group>"; };
		C400F45E28DFD8AC00861093 /* ThumbnailButton.swift */ = {isa = PBXFileReference; fileEncoding = 4; lastKnownFileType = sourcecode.swift; path = ThumbnailButton.swift; sourceTree = "<group>"; };
		C400F46228DFDAB700861093 /* FoundationExtensions.swift */ = {isa = PBXFileReference; lastKnownFileType = sourcecode.swift; path = FoundationExtensions.swift; sourceTree = "<group>"; };
		C424961E2889CDC400C05256 /* CaptureModeView.swift */ = {isa = PBXFileReference; lastKnownFileType = sourcecode.swift; path = CaptureModeView.swift; sourceTree = "<group>"; };
		C442A31028BEAEA70029B42B /* MediaLibrary.swift */ = {isa = PBXFileReference; fileEncoding = 4; lastKnownFileType = sourcecode.swift; path = MediaLibrary.swift; sourceTree = "<group>"; };
		C44DC7BD289AC3DD0099BB87 /* PreviewContainer.swift */ = {isa = PBXFileReference; fileEncoding = 4; lastKnownFileType = sourcecode.swift; path = PreviewContainer.swift; sourceTree = "<group>"; };
		C451840F289C5FD700B35C89 /* ViewExtensions.swift */ = {isa = PBXFileReference; lastKnownFileType = sourcecode.swift; path = ViewExtensions.swift; sourceTree = "<group>"; };
		C472D845285BBFA60082244A /* DeviceLookup.swift */ = {isa = PBXFileReference; lastKnownFileType = sourcecode.swift; path = DeviceLookup.swift; sourceTree = "<group>"; };
		C472D84D285BDFA60082244A /* MainToolbar.swift */ = {isa = PBXFileReference; fileEncoding = 4; lastKnownFileType = sourcecode.swift; path = MainToolbar.swift; sourceTree = "<group>"; };
		C475973028A71BEC00D1D029 /* CaptureButton.swift */ = {isa = PBXFileReference; lastKnownFileType = sourcecode.swift; path = CaptureButton.swift; sourceTree = "<group>"; };
		C47C99BA2CA1C6BB00B5338B /* ComposaCaptureExtension.appex */ = {isa = PBXFileReference; explicitFileType = "wrapper.extensionkit-extension"; includeInIndex = 0; path = ComposaCaptureExtension.appex; sourceTree = BUILT_PRODUCTS_DIR; };
		C48091832BD584AD00753C4A /* CameraModel.swift */ = {isa = PBXFileReference; lastKnownFileType = sourcecode.swift; path = CameraModel.swift; sourceTree = "<group>"; };
		C48091892BD59D7D00753C4A /* SPCObserver.swift */ = {isa = PBXFileReference; lastKnownFileType = sourcecode.swift; path = SPCObserver.swift; sourceTree = "<group>"; };
		C4A349DE28BD4B700056FAAF /* SwitchCameraButton.swift */ = {isa = PBXFileReference; lastKnownFileType = sourcecode.swift; path = SwitchCameraButton.swift; sourceTree = "<group>"; };
		C4A73C9F2CC0748800C2FA84 /* CameraState.swift */ = {isa = PBXFileReference; lastKnownFileType = sourcecode.swift; path = CameraState.swift; sourceTree = "<group>"; };
		C4C686222892E33E0038EDE1 /* RecordingTimeView.swift */ = {isa = PBXFileReference; lastKnownFileType = sourcecode.swift; path = RecordingTimeView.swift; sourceTree = "<group>"; };
		C4C6E1FA2CA1CF250081A8EA /* ComposaControlCenterExtension.appex */ = {isa = PBXFileReference; explicitFileType = "wrapper.app-extension"; includeInIndex = 0; path = ComposaControlCenterExtension.appex; sourceTree = BUILT_PRODUCTS_DIR; };
		C4C6E1FC2CA1CF250081A8EA /* WidgetKit.framework */ = {isa = PBXFileReference; lastKnownFileType = wrapper.framework; name = WidgetKit.framework; path = System/Library/Frameworks/WidgetKit.framework; sourceTree = SDKROOT; };
		C4C6E1FE2CA1CF250081A8EA /* SwiftUI.framework */ = {isa = PBXFileReference; lastKnownFileType = wrapper.framework; name = SwiftUI.framework; path = System/Library/Frameworks/SwiftUI.framework; sourceTree = SDKROOT; };
		C4C6E2102CA1CF860081A8EA /* AVCamCaptureIntent.swift */ = {isa = PBXFileReference; lastKnownFileType = sourcecode.swift; path = AVCamCaptureIntent.swift; sourceTree = "<group>"; };
		C4CB95CF2BF06EA6000CF8C7 /* CameraUI.swift */ = {isa = PBXFileReference; lastKnownFileType = sourcecode.swift; path = CameraUI.swift; sourceTree = "<group>"; };
		C4DCF51328947AFA00805EE2 /* PreviewCameraModel.swift */ = {isa = PBXFileReference; lastKnownFileType = sourcecode.swift; path = PreviewCameraModel.swift; sourceTree = "<group>"; };
		C4DFD84328C3E173005B74F0 /* DataTypes.swift */ = {isa = PBXFileReference; lastKnownFileType = sourcecode.swift; path = DataTypes.swift; sourceTree = "<group>"; };
		C4DFD84528C3ED3D005B74F0 /* StatusOverlayView.swift */ = {isa = PBXFileReference; fileEncoding = 4; lastKnownFileType = sourcecode.swift; path = StatusOverlayView.swift; sourceTree = "<group>"; };
		C4DFD84728C5665E005B74F0 /* LiveBadge.swift */ = {isa = PBXFileReference; lastKnownFileType = sourcecode.swift; path = LiveBadge.swift; sourceTree = "<group>"; };
		C4E15AAE2898620E00827683 /* CameraView.swift */ = {isa = PBXFileReference; lastKnownFileType = sourcecode.swift; path = CameraView.swift; sourceTree = "<group>"; };
		C4E15AB02898660900827683 /* PhotoCapture.swift */ = {isa = PBXFileReference; lastKnownFileType = sourcecode.swift; path = PhotoCapture.swift; sourceTree = "<group>"; };
		C4EA0DBF2891EFC20085A584 /* MovieCapture.swift */ = {isa = PBXFileReference; lastKnownFileType = sourcecode.swift; path = MovieCapture.swift; sourceTree = "<group>"; };
		C4EA0DC22891F2F80085A584 /* CaptureExtensions.swift */ = {isa = PBXFileReference; lastKnownFileType = sourcecode.swift; path = CaptureExtensions.swift; sourceTree = "<group>"; };
		C4EA0DCA289205C10085A584 /* FeatureToolbar.swift */ = {isa = PBXFileReference; lastKnownFileType = sourcecode.swift; path = FeatureToolbar.swift; sourceTree = "<group>"; };
		C4F82C99285ADDA2005D427A /* Composa.app */ = {isa = PBXFileReference; explicitFileType = wrapper.application; includeInIndex = 0; path = Composa.app; sourceTree = BUILT_PRODUCTS_DIR; };
		C4F82C9C285ADDA2005D427A /* ComposaApp.swift */ = {isa = PBXFileReference; lastKnownFileType = sourcecode.swift; path = ComposaApp.swift; sourceTree = "<group>"; };
		C4F82CA0285ADDA3005D427A /* Assets.xcassets */ = {isa = PBXFileReference; lastKnownFileType = folder.assetcatalog; path = Assets.xcassets; sourceTree = "<group>"; };
		C4F82CA4285ADDA3005D427A /* Preview Assets.xcassets */ = {isa = PBXFileReference; lastKnownFileType = folder.assetcatalog; path = "Preview Assets.xcassets"; sourceTree = "<group>"; };
		C4F82CC9285AE13B005D427A /* Camera.swift */ = {isa = PBXFileReference; lastKnownFileType = sourcecode.swift; path = Camera.swift; sourceTree = "<group>"; };
		C4F82CCB285AE206005D427A /* CaptureService.swift */ = {isa = PBXFileReference; fileEncoding = 4; lastKnownFileType = sourcecode.swift; path = CaptureService.swift; sourceTree = "<group>"; };
		C4F82CCD285AE233005D427A /* CameraPreview.swift */ = {isa = PBXFileReference; lastKnownFileType = sourcecode.swift; path = CameraPreview.swift; sourceTree = "<group>"; };
/* End PBXFileReference section */

/* Begin PBXFileSystemSynchronizedBuildFileExceptionSet section */
		C47C99C72CA1C6BB00B5338B /* PBXFileSystemSynchronizedBuildFileExceptionSet */ = {
			isa = PBXFileSystemSynchronizedBuildFileExceptionSet;
			membershipExceptions = (
				Info.plist,
			);
			target = C47C99B92CA1C6BB00B5338B /* ComposaCaptureExtension */;
		};
		C4C6E20E2CA1CF270081A8EA /* PBXFileSystemSynchronizedBuildFileExceptionSet */ = {
			isa = PBXFileSystemSynchronizedBuildFileExceptionSet;
			membershipExceptions = (
				Info.plist,
			);
			target = C4C6E1F92CA1CF250081A8EA /* ComposaControlCenterExtension */;
		};
/* End PBXFileSystemSynchronizedBuildFileExceptionSet section */

/* Begin PBXFileSystemSynchronizedRootGroup section */
		774A42722DCDED9D0085153C /* Documentation */ = {isa = PBXFileSystemSynchronizedRootGroup; explicitFileTypes = {}; explicitFolders = (); path = Documentation; sourceTree = "<group>"; };
		775B64262DB526E600E60CF4 /* CompasRemoteApp Watch App */ = {isa = PBXFileSystemSynchronizedRootGroup; explicitFileTypes = {}; explicitFolders = (); path = "CompasRemoteApp Watch App"; sourceTree = "<group>"; };
		775B64372DB526E800E60CF4 /* ComposaRemoteApp Watch AppTests */ = {isa = PBXFileSystemSynchronizedRootGroup; explicitFileTypes = {}; explicitFolders = (); path = "ComposaRemoteApp Watch AppTests"; sourceTree = "<group>"; };
		775B64412DB526E800E60CF4 /* ComposaRemoteApp Watch AppUITests */ = {isa = PBXFileSystemSynchronizedRootGroup; explicitFileTypes = {}; explicitFolders = (); path = "ComposaRemoteApp Watch AppUITests"; sourceTree = "<group>"; };
		C47C99BB2CA1C6BB00B5338B /* ComposaCaptureExtension */ = {isa = PBXFileSystemSynchronizedRootGroup; exceptions = (C47C99C72CA1C6BB00B5338B /* PBXFileSystemSynchronizedBuildFileExceptionSet */, ); explicitFileTypes = {}; explicitFolders = (); path = ComposaCaptureExtension; sourceTree = "<group>"; };
		C4C6E2002CA1CF250081A8EA /* ComposaControlCenterExtension */ = {isa = PBXFileSystemSynchronizedRootGroup; exceptions = (C4C6E20E2CA1CF270081A8EA /* PBXFileSystemSynchronizedBuildFileExceptionSet */, ); explicitFileTypes = {}; explicitFolders = (); path = ComposaControlCenterExtension; sourceTree = "<group>"; };
/* End PBXFileSystemSynchronizedRootGroup section */

/* Begin PBXFrameworksBuildPhase section */
		775B64222DB526E600E60CF4 /* Frameworks */ = {
			isa = PBXFrameworksBuildPhase;
			buildActionMask = 2147483647;
			files = (
				775B64522DB5272500E60CF4 /* WatchConnectivity.framework in Frameworks */,
			);
			runOnlyForDeploymentPostprocessing = 0;
		};
		775B64312DB526E800E60CF4 /* Frameworks */ = {
			isa = PBXFrameworksBuildPhase;
			buildActionMask = 2147483647;
			files = (
			);
			runOnlyForDeploymentPostprocessing = 0;
		};
		775B643B2DB526E800E60CF4 /* Frameworks */ = {
			isa = PBXFrameworksBuildPhase;
			buildActionMask = 2147483647;
			files = (
			);
			runOnlyForDeploymentPostprocessing = 0;
		};
		C47C99B72CA1C6BB00B5338B /* Frameworks */ = {
			isa = PBXFrameworksBuildPhase;
			buildActionMask = 2147483647;
			files = (
			);
			runOnlyForDeploymentPostprocessing = 0;
		};
		C4C6E1F72CA1CF250081A8EA /* Frameworks */ = {
			isa = PBXFrameworksBuildPhase;
			buildActionMask = 2147483647;
			files = (
				C4C6E1FF2CA1CF250081A8EA /* SwiftUI.framework in Frameworks */,
				C4C6E1FD2CA1CF250081A8EA /* WidgetKit.framework in Frameworks */,
			);
			runOnlyForDeploymentPostprocessing = 0;
		};
		C4F82C96285ADDA2005D427A /* Frameworks */ = {
			isa = PBXFrameworksBuildPhase;
			buildActionMask = 2147483647;
			files = (
				775B64532DB5274100E60CF4 /* WatchConnectivity.framework in Frameworks */,
			);
			runOnlyForDeploymentPostprocessing = 0;
		};
/* End PBXFrameworksBuildPhase section */

/* Begin PBXGroup section */
		12C9517A9E72A121B2E3C5B4 /* Configuration */ = {
			isa = PBXGroup;
			children = (
				4171C532FBB2053E055D7336 /* SampleCode.xcconfig */,
			);
			name = Configuration;
			sourceTree = "<group>";
		};
		775B63C02DB5257600E60CF4 /* Recovered References */ = {
			isa = PBXGroup;
			children = (
			);
			name = "Recovered References";
			sourceTree = "<group>";
		};
		C400F46428DFDD4800861093 /* Toolbars */ = {
			isa = PBXGroup;
			children = (
				C400F46A28E00BFB00861093 /* MainToolbar */,
				C400F46B28E00C1F00861093 /* FeatureToolbar */,
			);
			path = Toolbars;
			sourceTree = "<group>";
		};
		C400F46528DFDDD800861093 /* Overlays */ = {
			isa = PBXGroup;
			children = (
				C4DFD84728C5665E005B74F0 /* LiveBadge.swift */,
				C4C686222892E33E0038EDE1 /* RecordingTimeView.swift */,
				C4DFD84528C3ED3D005B74F0 /* StatusOverlayView.swift */,
			);
			path = Overlays;
			sourceTree = "<group>";
		};
		C400F46A28E00BFB00861093 /* MainToolbar */ = {
			isa = PBXGroup;
			children = (
				C472D84D285BDFA60082244A /* MainToolbar.swift */,
				C475973028A71BEC00D1D029 /* CaptureButton.swift */,
				C400F45E28DFD8AC00861093 /* ThumbnailButton.swift */,
				C4A349DE28BD4B700056FAAF /* SwitchCameraButton.swift */,
			);
			path = MainToolbar;
			sourceTree = "<group>";
		};
		C400F46B28E00C1F00861093 /* FeatureToolbar */ = {
			isa = PBXGroup;
			children = (
				C4EA0DCA289205C10085A584 /* FeatureToolbar.swift */,
			);
			path = FeatureToolbar;
			sourceTree = "<group>";
		};
		C400F46C28E00C3500861093 /* Controls */ = {
			isa = PBXGroup;
			children = (
				C424961E2889CDC400C05256 /* CaptureModeView.swift */,
			);
			path = Controls;
			sourceTree = "<group>";
		};
		C470F0EF2899E2FB004D4515 /* Model */ = {
			isa = PBXGroup;
			children = (
				C4F82CC9285AE13B005D427A /* Camera.swift */,
				C4DFD84328C3E173005B74F0 /* DataTypes.swift */,
				C442A31028BEAEA70029B42B /* MediaLibrary.swift */,
				C4A73C9D2CC0157600C2FA84 /* Intent */,
				C4A73C9F2CC0748800C2FA84 /* CameraState.swift */,
			);
			path = Model;
			sourceTree = "<group>";
		};
		C472D847285BD4A40082244A /* Views */ = {
			isa = PBXGroup;
			children = (
				C44DC7BD289AC3DD0099BB87 /* PreviewContainer.swift */,
				C4F82CCD285AE233005D427A /* CameraPreview.swift */,
				C4CB95CF2BF06EA6000CF8C7 /* CameraUI.swift */,
				C400F46C28E00C3500861093 /* Controls */,
				C400F46428DFDD4800861093 /* Toolbars */,
				C400F46528DFDDD800861093 /* Overlays */,
			);
			path = Views;
			sourceTree = "<group>";
		};
		C47390512BC3464500EC7B9D /* Capture */ = {
			isa = PBXGroup;
			children = (
				77D6D82C2DB529F1006B0BF6 /* FrameCaptureService.swift */,
				C4E15AB02898660900827683 /* PhotoCapture.swift */,
				C4EA0DBF2891EFC20085A584 /* MovieCapture.swift */,
				C472D845285BBFA60082244A /* DeviceLookup.swift */,
				C48091892BD59D7D00753C4A /* SPCObserver.swift */,
			);
			path = Capture;
			sourceTree = "<group>";
		};
		C4A73C9D2CC0157600C2FA84 /* Intent */ = {
			isa = PBXGroup;
			children = (
				C4C6E2102CA1CF860081A8EA /* AVCamCaptureIntent.swift */,
			);
			path = Intent;
			sourceTree = "<group>";
		};
		C4C6E1FB2CA1CF250081A8EA /* Frameworks */ = {
			isa = PBXGroup;
			children = (
				77EE99AB2DB5228C00F35299 /* WatchConnectivity.framework */,
				77EE99AD2DB5230D00F35299 /* WatchConnectivity.framework */,
				C4C6E1FC2CA1CF250081A8EA /* WidgetKit.framework */,
				C4C6E1FE2CA1CF250081A8EA /* SwiftUI.framework */,
			);
			name = Frameworks;
			sourceTree = "<group>";
		};
		C4EA0DC12891F2D60085A584 /* Support */ = {
			isa = PBXGroup;
			children = (
				C4EA0DC22891F2F80085A584 /* CaptureExtensions.swift */,
				C400F46228DFDAB700861093 /* FoundationExtensions.swift */,
				C451840F289C5FD700B35C89 /* ViewExtensions.swift */,
			);
			path = Support;
			sourceTree = "<group>";
		};
		C4F82C90285ADDA2005D427A = {
			isa = PBXGroup;
			children = (
				7710E8B4E5AEBAFE7C73EBAA /* README.md */,
				C4F82C9B285ADDA2005D427A /* Composa */,
				C47C99BB2CA1C6BB00B5338B /* ComposaCaptureExtension */,
				C4C6E2002CA1CF250081A8EA /* ComposaControlCenterExtension */,
				775B64262DB526E600E60CF4 /* CompasRemoteApp Watch App */,
				775B64372DB526E800E60CF4 /* ComposaRemoteApp Watch AppTests */,
				775B64412DB526E800E60CF4 /* ComposaRemoteApp Watch AppUITests */,
				C4C6E1FB2CA1CF250081A8EA /* Frameworks */,
				C4F82C9A285ADDA2005D427A /* Products */,
				12C9517A9E72A121B2E3C5B4 /* Configuration */,
				FCF92A11B01F69F19EA587A6 /* LICENSE */,
				774A42722DCDED9D0085153C /* Documentation */,
				775B63C02DB5257600E60CF4 /* Recovered References */,
			);
			sourceTree = "<group>";
		};
		C4F82C9A285ADDA2005D427A /* Products */ = {
			isa = PBXGroup;
			children = (
				C4F82C99285ADDA2005D427A /* Composa.app */,
				C47C99BA2CA1C6BB00B5338B /* ComposaCaptureExtension.appex */,
				C4C6E1FA2CA1CF250081A8EA /* ComposaControlCenterExtension.appex */,
				775B64252DB526E600E60CF4 /* ComposaRemoteApp Watch App.app */,
				775B64342DB526E800E60CF4 /* ComposaRemoteApp Watch AppTests.xctest */,
				775B643E2DB526E800E60CF4 /* ComposaRemoteApp Watch AppUITests.xctest */,
			);
			name = Products;
			sourceTree = "<group>";
		};
		C4F82C9B285ADDA2005D427A /* Composa */ = {
			isa = PBXGroup;
			children = (
				77EE99A82DB5206100F35299 /* Info.plist */,
				C4F82C9C285ADDA2005D427A /* ComposaApp.swift */,
				772EDE432DB7681200BEE3ED /* CameraDeviceListView.swift */,
				774A432A2DD1B2BE0085153C /* CameraConnectView.swift */,
				772EDE462DB7682B00BEE3ED /* CameraMonitorView.swift */,
				C48091832BD584AD00753C4A /* CameraModel.swift */,
				C4F82CCB285AE206005D427A /* CaptureService.swift */,
				C4E15AAE2898620E00827683 /* CameraView.swift */,
				C47390512BC3464500EC7B9D /* Capture */,
				C470F0EF2899E2FB004D4515 /* Model */,
				C472D847285BD4A40082244A /* Views */,
				C4EA0DC12891F2D60085A584 /* Support */,
				C4F82CA0285ADDA3005D427A /* Assets.xcassets */,
				C4F82CA3285ADDA3005D427A /* Preview Content */,
			);
			path = Composa;
			sourceTree = "<group>";
		};
		C4F82CA3285ADDA3005D427A /* Preview Content */ = {
			isa = PBXGroup;
			children = (
				C4F82CA4285ADDA3005D427A /* Preview Assets.xcassets */,
				C4DCF51328947AFA00805EE2 /* PreviewCameraModel.swift */,
			);
			path = "Preview Content";
			sourceTree = "<group>";
		};
		FCF92A11B01F69F19EA587A6 /* LICENSE */ = {
			isa = PBXGroup;
			children = (
				B92404E334D9008D3705950F /* LICENSE.txt */,
			);
			name = LICENSE;
			sourceTree = "<group>";
		};
/* End PBXGroup section */

/* Begin PBXNativeTarget section */
		775B64242DB526E600E60CF4 /* ComposaRemoteApp Watch App */ = {
			isa = PBXNativeTarget;
			buildConfigurationList = 775B644F2DB526E800E60CF4 /* Build configuration list for PBXNativeTarget "ComposaRemoteApp Watch App" */;
			buildPhases = (
				775B64212DB526E600E60CF4 /* Sources */,
				775B64222DB526E600E60CF4 /* Frameworks */,
				775B64232DB526E600E60CF4 /* Resources */,
			);
			buildRules = (
			);
			dependencies = (
			);
			fileSystemSynchronizedGroups = (
				774A42722DCDED9D0085153C /* Documentation */,
				775B64262DB526E600E60CF4 /* CompasRemoteApp Watch App */,
			);
			name = "ComposaRemoteApp Watch App";
			packageProductDependencies = (
			);
			productName = "AVCamRemoteApp Watch App";
			productReference = 775B64252DB526E600E60CF4 /* ComposaRemoteApp Watch App.app */;
			productType = "com.apple.product-type.application";
		};
		775B64332DB526E800E60CF4 /* ComposaRemoteApp Watch AppTests */ = {
			isa = PBXNativeTarget;
			buildConfigurationList = 775B64502DB526E800E60CF4 /* Build configuration list for PBXNativeTarget "ComposaRemoteApp Watch AppTests" */;
			buildPhases = (
				775B64302DB526E800E60CF4 /* Sources */,
				775B64312DB526E800E60CF4 /* Frameworks */,
				775B64322DB526E800E60CF4 /* Resources */,
			);
			buildRules = (
			);
			dependencies = (
				775B64362DB526E800E60CF4 /* PBXTargetDependency */,
			);
			fileSystemSynchronizedGroups = (
				775B64372DB526E800E60CF4 /* ComposaRemoteApp Watch AppTests */,
			);
			name = "ComposaRemoteApp Watch AppTests";
			packageProductDependencies = (
			);
			productName = "AVCamRemoteApp Watch AppTests";
			productReference = 775B64342DB526E800E60CF4 /* ComposaRemoteApp Watch AppTests.xctest */;
			productType = "com.apple.product-type.bundle.unit-test";
		};
		775B643D2DB526E800E60CF4 /* ComposaRemoteApp Watch AppUITests */ = {
			isa = PBXNativeTarget;
			buildConfigurationList = 775B64512DB526E800E60CF4 /* Build configuration list for PBXNativeTarget "ComposaRemoteApp Watch AppUITests" */;
			buildPhases = (
				775B643A2DB526E800E60CF4 /* Sources */,
				775B643B2DB526E800E60CF4 /* Frameworks */,
				775B643C2DB526E800E60CF4 /* Resources */,
			);
			buildRules = (
			);
			dependencies = (
				775B64402DB526E800E60CF4 /* PBXTargetDependency */,
			);
			fileSystemSynchronizedGroups = (
				775B64412DB526E800E60CF4 /* ComposaRemoteApp Watch AppUITests */,
			);
			name = "ComposaRemoteApp Watch AppUITests";
			packageProductDependencies = (
			);
			productName = "AVCamRemoteApp Watch AppUITests";
			productReference = 775B643E2DB526E800E60CF4 /* ComposaRemoteApp Watch AppUITests.xctest */;
			productType = "com.apple.product-type.bundle.ui-testing";
		};
		C47C99B92CA1C6BB00B5338B /* ComposaCaptureExtension */ = {
			isa = PBXNativeTarget;
			buildConfigurationList = C47C99C82CA1C6BB00B5338B /* Build configuration list for PBXNativeTarget "ComposaCaptureExtension" */;
			buildPhases = (
				C47C99B62CA1C6BB00B5338B /* Sources */,
				C47C99B72CA1C6BB00B5338B /* Frameworks */,
				C47C99B82CA1C6BB00B5338B /* Resources */,
			);
			buildRules = (
			);
			dependencies = (
			);
			fileSystemSynchronizedGroups = (
				C47C99BB2CA1C6BB00B5338B /* ComposaCaptureExtension */,
			);
			name = ComposaCaptureExtension;
			productName = AVCamCaptureExtension;
			productReference = C47C99BA2CA1C6BB00B5338B /* ComposaCaptureExtension.appex */;
			productType = "com.apple.product-type.extensionkit-extension";
		};
		C4C6E1F92CA1CF250081A8EA /* ComposaControlCenterExtension */ = {
			isa = PBXNativeTarget;
			buildConfigurationList = C4C6E20F2CA1CF270081A8EA /* Build configuration list for PBXNativeTarget "ComposaControlCenterExtension" */;
			buildPhases = (
				C4C6E1F62CA1CF250081A8EA /* Sources */,
				C4C6E1F72CA1CF250081A8EA /* Frameworks */,
				C4C6E1F82CA1CF250081A8EA /* Resources */,
			);
			buildRules = (
			);
			dependencies = (
			);
			fileSystemSynchronizedGroups = (
				C4C6E2002CA1CF250081A8EA /* ComposaControlCenterExtension */,
			);
			name = ComposaControlCenterExtension;
			productName = AVCamControlCenterExtensionExtension;
			productReference = C4C6E1FA2CA1CF250081A8EA /* ComposaControlCenterExtension.appex */;
			productType = "com.apple.product-type.app-extension";
		};
		C4F82C98285ADDA2005D427A /* Composa */ = {
			isa = PBXNativeTarget;
			buildConfigurationList = C4F82CBE285ADDA4005D427A /* Build configuration list for PBXNativeTarget "Composa" */;
			buildPhases = (
				C4F82C95285ADDA2005D427A /* Sources */,
				C4F82C96285ADDA2005D427A /* Frameworks */,
				C4F82C97285ADDA2005D427A /* Resources */,
				77EE999A2DB51C6A00F35299 /* Embed Watch Content */,
				775B64092DB526AD00E60CF4 /* Embed ExtensionKit Extensions */,
				775B640A2DB526AD00E60CF4 /* Embed Foundation Extensions */,
			);
			buildRules = (
			);
			dependencies = (
				775B64052DB526AD00E60CF4 /* PBXTargetDependency */,
				775B64082DB526AD00E60CF4 /* PBXTargetDependency */,
			);
			fileSystemSynchronizedGroups = (
				774A42722DCDED9D0085153C /* Documentation */,
			);
			name = Composa;
			productName = AVCam;
			productReference = C4F82C99285ADDA2005D427A /* Composa.app */;
			productType = "com.apple.product-type.application";
		};
/* End PBXNativeTarget section */

/* Begin PBXProject section */
		C4F82C91285ADDA2005D427A /* Project object */ = {
			isa = PBXProject;
			attributes = {
				BuildIndependentTargetsInParallel = 1;
				DefaultBuildSystemTypeForWorkspace = Latest;
				LastSwiftUpdateCheck = 1610;
				LastUpgradeCheck = 1600;
				ORGANIZATIONNAME = Apple;
				TargetAttributes = {
					775B64242DB526E600E60CF4 = {
						CreatedOnToolsVersion = 16.1;
					};
					775B64332DB526E800E60CF4 = {
						CreatedOnToolsVersion = 16.1;
						TestTargetID = 775B64242DB526E600E60CF4;
					};
					775B643D2DB526E800E60CF4 = {
						CreatedOnToolsVersion = 16.1;
						TestTargetID = 775B64242DB526E600E60CF4;
					};
					C47C99B92CA1C6BB00B5338B = {
						CreatedOnToolsVersion = 16.0;
					};
					C4C6E1F92CA1CF250081A8EA = {
						CreatedOnToolsVersion = 16.0;
					};
					C4F82C98285ADDA2005D427A = {
						CreatedOnToolsVersion = 14.0;
					};
				};
			};
			buildConfigurationList = C4F82C94285ADDA2005D427A /* Build configuration list for PBXProject "Composa" */;
			compatibilityVersion = "Xcode 14.0";
			developmentRegion = en;
			hasScannedForEncodings = 0;
			knownRegions = (
				en,
				Base,
			);
			mainGroup = C4F82C90285ADDA2005D427A;
			productRefGroup = C4F82C9A285ADDA2005D427A /* Products */;
			projectDirPath = "";
			projectRoot = "";
			targets = (
				C4F82C98285ADDA2005D427A /* Composa */,
				C47C99B92CA1C6BB00B5338B /* ComposaCaptureExtension */,
				C4C6E1F92CA1CF250081A8EA /* ComposaControlCenterExtension */,
				775B64242DB526E600E60CF4 /* ComposaRemoteApp Watch App */,
				775B64332DB526E800E60CF4 /* ComposaRemoteApp Watch AppTests */,
				775B643D2DB526E800E60CF4 /* ComposaRemoteApp Watch AppUITests */,
			);
		};
/* End PBXProject section */

/* Begin PBXResourcesBuildPhase section */
		775B64232DB526E600E60CF4 /* Resources */ = {
			isa = PBXResourcesBuildPhase;
			buildActionMask = 2147483647;
			files = (
			);
			runOnlyForDeploymentPostprocessing = 0;
		};
		775B64322DB526E800E60CF4 /* Resources */ = {
			isa = PBXResourcesBuildPhase;
			buildActionMask = 2147483647;
			files = (
			);
			runOnlyForDeploymentPostprocessing = 0;
		};
		775B643C2DB526E800E60CF4 /* Resources */ = {
			isa = PBXResourcesBuildPhase;
			buildActionMask = 2147483647;
			files = (
			);
			runOnlyForDeploymentPostprocessing = 0;
		};
		C47C99B82CA1C6BB00B5338B /* Resources */ = {
			isa = PBXResourcesBuildPhase;
			buildActionMask = 2147483647;
			files = (
			);
			runOnlyForDeploymentPostprocessing = 0;
		};
		C4C6E1F82CA1CF250081A8EA /* Resources */ = {
			isa = PBXResourcesBuildPhase;
			buildActionMask = 2147483647;
			files = (
			);
			runOnlyForDeploymentPostprocessing = 0;
		};
		C4F82C97285ADDA2005D427A /* Resources */ = {
			isa = PBXResourcesBuildPhase;
			buildActionMask = 2147483647;
			files = (
				C4F82CA5285ADDA3005D427A /* Preview Assets.xcassets in Resources */,
				C4F82CA1285ADDA3005D427A /* Assets.xcassets in Resources */,
			);
			runOnlyForDeploymentPostprocessing = 0;
		};
/* End PBXResourcesBuildPhase section */

/* Begin PBXSourcesBuildPhase section */
		775B64212DB526E600E60CF4 /* Sources */ = {
			isa = PBXSourcesBuildPhase;
			buildActionMask = 2147483647;
			files = (
			);
			runOnlyForDeploymentPostprocessing = 0;
		};
		775B64302DB526E800E60CF4 /* Sources */ = {
			isa = PBXSourcesBuildPhase;
			buildActionMask = 2147483647;
			files = (
			);
			runOnlyForDeploymentPostprocessing = 0;
		};
		775B643A2DB526E800E60CF4 /* Sources */ = {
			isa = PBXSourcesBuildPhase;
			buildActionMask = 2147483647;
			files = (
			);
			runOnlyForDeploymentPostprocessing = 0;
		};
		C47C99B62CA1C6BB00B5338B /* Sources */ = {
			isa = PBXSourcesBuildPhase;
			buildActionMask = 2147483647;
			files = (
				C4C5531A2CA1D5A3005D940C /* PreviewContainer.swift in Sources */,
				C4C5531B2CA1D5A3005D940C /* CaptureService.swift in Sources */,
				C4C5531C2CA1D5A3005D940C /* RecordingTimeView.swift in Sources */,
				C4C5531D2CA1D5A3005D940C /* LiveBadge.swift in Sources */,
				C4C5531E2CA1D5A3005D940C /* MovieCapture.swift in Sources */,
				C4C5531F2CA1D5A3005D940C /* Camera.swift in Sources */,
				C4C553202CA1D5A3005D940C /* FoundationExtensions.swift in Sources */,
				C4C553212CA1D5A3005D940C /* PhotoCapture.swift in Sources */,
				C4C553222CA1D5A3005D940C /* PreviewCameraModel.swift in Sources */,
				77D6D82E2DB529F1006B0BF6 /* FrameCaptureService.swift in Sources */,
				C4C553232CA1D5A3005D940C /* CameraPreview.swift in Sources */,
				C4A73CA02CC0748800C2FA84 /* CameraState.swift in Sources */,
				C4C553242CA1D5A3005D940C /* FeatureToolbar.swift in Sources */,
				C4C553252CA1D5A3005D940C /* DataTypes.swift in Sources */,
				C4C553262CA1D5A3005D940C /* MainToolbar.swift in Sources */,
				C4C553272CA1D5A3005D940C /* CameraView.swift in Sources */,
				C4C553282CA1D5A3005D940C /* CameraUI.swift in Sources */,
				C4C553292CA1D5A3005D940C /* CaptureExtensions.swift in Sources */,
				C4C5532A2CA1D5A3005D940C /* DeviceLookup.swift in Sources */,
				C4C5532B2CA1D5A3005D940C /* CameraModel.swift in Sources */,
				C4C5532C2CA1D5A3005D940C /* ThumbnailButton.swift in Sources */,
				774A432B2DD1B2BE0085153C /* CameraConnectView.swift in Sources */,
				C4C5532D2CA1D5A3005D940C /* SwitchCameraButton.swift in Sources */,
				C4C5532E2CA1D5A3005D940C /* MediaLibrary.swift in Sources */,
				C4C5532F2CA1D5A3005D940C /* ViewExtensions.swift in Sources */,
				C4C553302CA1D5A3005D940C /* CaptureModeView.swift in Sources */,
				C4C553312CA1D5A3005D940C /* SPCObserver.swift in Sources */,
				C4C553322CA1D5A3005D940C /* CaptureButton.swift in Sources */,
				C4C553332CA1D5A3005D940C /* StatusOverlayView.swift in Sources */,
				772EDE452DB7681200BEE3ED /* CameraDeviceListView.swift in Sources */,
				772EDE472DB7682B00BEE3ED /* CameraMonitorView.swift in Sources */,
				C4C6E2142CA1D01A0081A8EA /* AVCamCaptureIntent.swift in Sources */,
			);
			runOnlyForDeploymentPostprocessing = 0;
		};
		C4C6E1F62CA1CF250081A8EA /* Sources */ = {
			isa = PBXSourcesBuildPhase;
			buildActionMask = 2147483647;
			files = (
				C40A95B92CC9A91A00A02AF1 /* CameraState.swift in Sources */,
				C4A73C9E2CC015E300C2FA84 /* DataTypes.swift in Sources */,
				C4C6E2152CA1D01A0081A8EA /* AVCamCaptureIntent.swift in Sources */,
			);
			runOnlyForDeploymentPostprocessing = 0;
		};
		C4F82C95285ADDA2005D427A /* Sources */ = {
			isa = PBXSourcesBuildPhase;
			buildActionMask = 2147483647;
			files = (
				C4A349DF28BD4B700056FAAF /* SwitchCameraButton.swift in Sources */,
				C44DC7BE289AC3DD0099BB87 /* PreviewContainer.swift in Sources */,
				C4DCF51428947AFA00805EE2 /* PreviewCameraModel.swift in Sources */,
				C48091852BD584AD00753C4A /* CameraModel.swift in Sources */,
				C4F82CCE285AE233005D427A /* CameraPreview.swift in Sources */,
				C4F82CCA285AE13B005D427A /* Camera.swift in Sources */,
				C4E15AB12898660900827683 /* PhotoCapture.swift in Sources */,
				C480918B2BD59D7D00753C4A /* SPCObserver.swift in Sources */,
				C4F82CCC285AE206005D427A /* CaptureService.swift in Sources */,
				C4F82C9D285ADDA2005D427A /* ComposaApp.swift in Sources */,
				77D6D82D2DB529F1006B0BF6 /* FrameCaptureService.swift in Sources */,
				C4EA0DCB289205C10085A584 /* FeatureToolbar.swift in Sources */,
				C472D84F285BDFA60082244A /* MainToolbar.swift in Sources */,
				C4A73CA12CC0748800C2FA84 /* CameraState.swift in Sources */,
				C4C6E2112CA1CF860081A8EA /* AVCamCaptureIntent.swift in Sources */,
				C4DFD84828C5665E005B74F0 /* LiveBadge.swift in Sources */,
				C400F46128DFD8AC00861093 /* ThumbnailButton.swift in Sources */,
				C4E15AAF2898620E00827683 /* CameraView.swift in Sources */,
				C424961F2889CDC400C05256 /* CaptureModeView.swift in Sources */,
				C442A31128BEAEA70029B42B /* MediaLibrary.swift in Sources */,
				C4CB95D02BF06EA6000CF8C7 /* CameraUI.swift in Sources */,
				774A432C2DD1B2BE0085153C /* CameraConnectView.swift in Sources */,
				C4C686232892E33E0038EDE1 /* RecordingTimeView.swift in Sources */,
				C4DFD84428C3E173005B74F0 /* DataTypes.swift in Sources */,
				C4EA0DC02891EFC20085A584 /* MovieCapture.swift in Sources */,
				C4EA0DC32891F2F80085A584 /* CaptureExtensions.swift in Sources */,
				C472D846285BBFA60082244A /* DeviceLookup.swift in Sources */,
				C400F46328DFDAB700861093 /* FoundationExtensions.swift in Sources */,
				C475973128A71BEC00D1D029 /* CaptureButton.swift in Sources */,
				C4518410289C5FD700B35C89 /* ViewExtensions.swift in Sources */,
				772EDE442DB7681200BEE3ED /* CameraDeviceListView.swift in Sources */,
				772EDE482DB7682B00BEE3ED /* CameraMonitorView.swift in Sources */,
				C4DFD84628C3ED3D005B74F0 /* StatusOverlayView.swift in Sources */,
			);
			runOnlyForDeploymentPostprocessing = 0;
		};
/* End PBXSourcesBuildPhase section */

/* Begin PBXTargetDependency section */
		775B64052DB526AD00E60CF4 /* PBXTargetDependency */ = {
			isa = PBXTargetDependency;
			target = C47C99B92CA1C6BB00B5338B /* ComposaCaptureExtension */;
			targetProxy = 775B64042DB526AD00E60CF4 /* PBXContainerItemProxy */;
		};
		775B64082DB526AD00E60CF4 /* PBXTargetDependency */ = {
			isa = PBXTargetDependency;
			target = C4C6E1F92CA1CF250081A8EA /* ComposaControlCenterExtension */;
			targetProxy = 775B64072DB526AD00E60CF4 /* PBXContainerItemProxy */;
		};
		775B64362DB526E800E60CF4 /* PBXTargetDependency */ = {
			isa = PBXTargetDependency;
			target = 775B64242DB526E600E60CF4 /* ComposaRemoteApp Watch App */;
			targetProxy = 775B64352DB526E800E60CF4 /* PBXContainerItemProxy */;
		};
		775B64402DB526E800E60CF4 /* PBXTargetDependency */ = {
			isa = PBXTargetDependency;
			target = 775B64242DB526E600E60CF4 /* ComposaRemoteApp Watch App */;
			targetProxy = 775B643F2DB526E800E60CF4 /* PBXContainerItemProxy */;
		};
/* End PBXTargetDependency section */

/* Begin XCBuildConfiguration section */
		775B64492DB526E800E60CF4 /* Debug */ = {
			isa = XCBuildConfiguration;
			buildSettings = {
				ASSETCATALOG_COMPILER_APPICON_NAME = AppIcon;
				ASSETCATALOG_COMPILER_GLOBAL_ACCENT_COLOR_NAME = AccentColor;
				CLANG_CXX_LANGUAGE_STANDARD = "gnu++20";
				CODE_SIGN_IDENTITY = "Apple Development";
				CODE_SIGN_STYLE = Automatic;
				CURRENT_PROJECT_VERSION = 1;
				DEVELOPMENT_ASSET_PATHS = "\"AVCamRemoteApp Watch App/Preview Content\"";
				DEVELOPMENT_TEAM = ZQXV2YB52C;
				ENABLE_PREVIEWS = YES;
				GCC_C_LANGUAGE_STANDARD = gnu17;
				GENERATE_INFOPLIST_FILE = YES;
				INFOPLIST_KEY_CFBundleDisplayName = ComposaRemoteApp;
				INFOPLIST_KEY_UISupportedInterfaceOrientations = "UIInterfaceOrientationPortrait UIInterfaceOrientationPortraitUpsideDown";
				INFOPLIST_KEY_WKCompanionAppBundleIdentifier = com.example.AVCamCodeSample;
				LD_RUNPATH_SEARCH_PATHS = (
					"$(inherited)",
					"@executable_path/Frameworks",
				);
				LOCALIZATION_PREFERS_STRING_CATALOGS = YES;
				MARKETING_VERSION = 1.0;
				PRODUCT_BUNDLE_IDENTIFIER = com.example.AVCamCodeSample.watchkitapp;
				PRODUCT_NAME = "$(TARGET_NAME)";
				SDKROOT = watchos;
				SKIP_INSTALL = YES;
				SWIFT_ACTIVE_COMPILATION_CONDITIONS = "DEBUG $(inherited)";
				SWIFT_EMIT_LOC_STRINGS = YES;
				SWIFT_VERSION = 5.0;
				TARGETED_DEVICE_FAMILY = 4;
				WATCHOS_DEPLOYMENT_TARGET = 11.1;
			};
			name = Debug;
		};
		775B644A2DB526E800E60CF4 /* Release */ = {
			isa = XCBuildConfiguration;
			buildSettings = {
				ASSETCATALOG_COMPILER_APPICON_NAME = AppIcon;
				ASSETCATALOG_COMPILER_GLOBAL_ACCENT_COLOR_NAME = AccentColor;
				CLANG_CXX_LANGUAGE_STANDARD = "gnu++20";
				CODE_SIGN_IDENTITY = "Apple Development";
				CODE_SIGN_STYLE = Automatic;
				CURRENT_PROJECT_VERSION = 1;
				DEVELOPMENT_ASSET_PATHS = "\"AVCamRemoteApp Watch App/Preview Content\"";
				DEVELOPMENT_TEAM = ZQXV2YB52C;
				ENABLE_PREVIEWS = YES;
				GCC_C_LANGUAGE_STANDARD = gnu17;
				GENERATE_INFOPLIST_FILE = YES;
				INFOPLIST_KEY_CFBundleDisplayName = ComposaRemoteApp;
				INFOPLIST_KEY_UISupportedInterfaceOrientations = "UIInterfaceOrientationPortrait UIInterfaceOrientationPortraitUpsideDown";
				INFOPLIST_KEY_WKCompanionAppBundleIdentifier = com.example.AVCamCodeSample;
				LD_RUNPATH_SEARCH_PATHS = (
					"$(inherited)",
					"@executable_path/Frameworks",
				);
				LOCALIZATION_PREFERS_STRING_CATALOGS = YES;
				MARKETING_VERSION = 1.0;
				PRODUCT_BUNDLE_IDENTIFIER = com.example.AVCamCodeSample.watchkitapp;
				PRODUCT_NAME = "$(TARGET_NAME)";
				SDKROOT = watchos;
				SKIP_INSTALL = YES;
				SWIFT_EMIT_LOC_STRINGS = YES;
				SWIFT_VERSION = 5.0;
				TARGETED_DEVICE_FAMILY = 4;
				VALIDATE_PRODUCT = YES;
				WATCHOS_DEPLOYMENT_TARGET = 11.1;
			};
			name = Release;
		};
		775B644B2DB526E800E60CF4 /* Debug */ = {
			isa = XCBuildConfiguration;
			buildSettings = {
				BUNDLE_LOADER = "$(TEST_HOST)";
				CLANG_CXX_LANGUAGE_STANDARD = "gnu++20";
				CODE_SIGN_STYLE = Automatic;
				CURRENT_PROJECT_VERSION = 1;
				DEVELOPMENT_TEAM = ZQXV2YB52C;
				GCC_C_LANGUAGE_STANDARD = gnu17;
				GENERATE_INFOPLIST_FILE = YES;
				LOCALIZATION_PREFERS_STRING_CATALOGS = YES;
				MARKETING_VERSION = 1.0;
				PRODUCT_BUNDLE_IDENTIFIER = "com.example.AVCamCodeSample.AVCamRemote.AVCamRemoteApp-Watch-AppTests";
				PRODUCT_NAME = "$(TARGET_NAME)";
				SDKROOT = watchos;
				SWIFT_ACTIVE_COMPILATION_CONDITIONS = "DEBUG $(inherited)";
				SWIFT_EMIT_LOC_STRINGS = NO;
				SWIFT_VERSION = 5.0;
				TARGETED_DEVICE_FAMILY = 4;
				TEST_HOST = "$(BUILT_PRODUCTS_DIR)/ComposaRemoteApp Watch App.app/$(BUNDLE_EXECUTABLE_FOLDER_PATH)/ComposaRemoteApp Watch App";
				WATCHOS_DEPLOYMENT_TARGET = 11.1;
			};
			name = Debug;
		};
		775B644C2DB526E800E60CF4 /* Release */ = {
			isa = XCBuildConfiguration;
			buildSettings = {
				BUNDLE_LOADER = "$(TEST_HOST)";
				CLANG_CXX_LANGUAGE_STANDARD = "gnu++20";
				CODE_SIGN_STYLE = Automatic;
				CURRENT_PROJECT_VERSION = 1;
				DEVELOPMENT_TEAM = ZQXV2YB52C;
				GCC_C_LANGUAGE_STANDARD = gnu17;
				GENERATE_INFOPLIST_FILE = YES;
				LOCALIZATION_PREFERS_STRING_CATALOGS = YES;
				MARKETING_VERSION = 1.0;
				PRODUCT_BUNDLE_IDENTIFIER = "com.example.AVCamCodeSample.AVCamRemote.AVCamRemoteApp-Watch-AppTests";
				PRODUCT_NAME = "$(TARGET_NAME)";
				SDKROOT = watchos;
				SWIFT_EMIT_LOC_STRINGS = NO;
				SWIFT_VERSION = 5.0;
				TARGETED_DEVICE_FAMILY = 4;
				TEST_HOST = "$(BUILT_PRODUCTS_DIR)/ComposaRemoteApp Watch App.app/$(BUNDLE_EXECUTABLE_FOLDER_PATH)/ComposaRemoteApp Watch App";
				VALIDATE_PRODUCT = YES;
				WATCHOS_DEPLOYMENT_TARGET = 11.1;
			};
			name = Release;
		};
		775B644D2DB526E800E60CF4 /* Debug */ = {
			isa = XCBuildConfiguration;
			buildSettings = {
				CLANG_CXX_LANGUAGE_STANDARD = "gnu++20";
				CODE_SIGN_STYLE = Automatic;
				CURRENT_PROJECT_VERSION = 1;
				DEVELOPMENT_TEAM = ZQXV2YB52C;
				GCC_C_LANGUAGE_STANDARD = gnu17;
				GENERATE_INFOPLIST_FILE = YES;
				LOCALIZATION_PREFERS_STRING_CATALOGS = YES;
				MARKETING_VERSION = 1.0;
				PRODUCT_BUNDLE_IDENTIFIER = "com.example.AVCamCodeSample.AVCamRemote.AVCamRemoteApp-Watch-AppUITests";
				PRODUCT_NAME = "$(TARGET_NAME)";
				SDKROOT = watchos;
				SWIFT_ACTIVE_COMPILATION_CONDITIONS = "DEBUG $(inherited)";
				SWIFT_EMIT_LOC_STRINGS = NO;
				SWIFT_VERSION = 5.0;
				TARGETED_DEVICE_FAMILY = 4;
				TEST_TARGET_NAME = "AVCamRemoteApp Watch App";
				WATCHOS_DEPLOYMENT_TARGET = 11.1;
			};
			name = Debug;
		};
		775B644E2DB526E800E60CF4 /* Release */ = {
			isa = XCBuildConfiguration;
			buildSettings = {
				CLANG_CXX_LANGUAGE_STANDARD = "gnu++20";
				CODE_SIGN_STYLE = Automatic;
				CURRENT_PROJECT_VERSION = 1;
				DEVELOPMENT_TEAM = ZQXV2YB52C;
				GCC_C_LANGUAGE_STANDARD = gnu17;
				GENERATE_INFOPLIST_FILE = YES;
				LOCALIZATION_PREFERS_STRING_CATALOGS = YES;
				MARKETING_VERSION = 1.0;
				PRODUCT_BUNDLE_IDENTIFIER = "com.example.AVCamCodeSample.AVCamRemote.AVCamRemoteApp-Watch-AppUITests";
				PRODUCT_NAME = "$(TARGET_NAME)";
				SDKROOT = watchos;
				SWIFT_EMIT_LOC_STRINGS = NO;
				SWIFT_VERSION = 5.0;
				TARGETED_DEVICE_FAMILY = 4;
				TEST_TARGET_NAME = "AVCamRemoteApp Watch App";
				VALIDATE_PRODUCT = YES;
				WATCHOS_DEPLOYMENT_TARGET = 11.1;
			};
			name = Release;
		};
		C47C99C52CA1C6BB00B5338B /* Debug */ = {
			isa = XCBuildConfiguration;
			baseConfigurationReference = 4171C532FBB2053E055D7336 /* SampleCode.xcconfig */;
			buildSettings = {
				CLANG_CXX_LANGUAGE_STANDARD = "gnu++20";
				CODE_SIGN_IDENTITY = "Apple Development";
				CODE_SIGN_STYLE = Automatic;
				CURRENT_PROJECT_VERSION = 1;
				DEVELOPMENT_TEAM = ZQXV2YB52C;
				ENABLE_USER_SCRIPT_SANDBOXING = YES;
				GCC_C_LANGUAGE_STANDARD = gnu17;
				GENERATE_INFOPLIST_FILE = YES;
				INFOPLIST_FILE = ComposaCaptureExtension/Info.plist;
				INFOPLIST_KEY_CFBundleDisplayName = ComposaCaptureExtension;
				INFOPLIST_KEY_NSCameraUsageDescription = "To capture photos and videos.";
				INFOPLIST_KEY_NSHumanReadableCopyright = "";
				INFOPLIST_KEY_NSLocationWhenInUseUsageDescription = "Composa uses your location to tag where photos and videos are taken.";
				INFOPLIST_KEY_NSMicrophoneUsageDescription = "To record audio for Live Photos and videos.";
				IPHONEOS_DEPLOYMENT_TARGET = 18.0;
				LD_RUNPATH_SEARCH_PATHS = (
					"$(inherited)",
					"@executable_path/Frameworks",
					"@executable_path/../../Frameworks",
				);
				LOCALIZATION_PREFERS_STRING_CATALOGS = YES;
				MARKETING_VERSION = 1.0;
				PRODUCT_BUNDLE_IDENTIFIER = com.example.AVCamCodeSample.ComposaCaptureExtension;
				PRODUCT_NAME = "$(TARGET_NAME)";
				PROVISIONING_PROFILE_SPECIFIER = "";
				SDKROOT = iphoneos;
				SKIP_INSTALL = YES;
				SUPPORTED_PLATFORMS = "iphoneos iphonesimulator";
				SUPPORTS_MACCATALYST = NO;
				SUPPORTS_MAC_DESIGNED_FOR_IPHONE_IPAD = NO;
				SUPPORTS_XR_DESIGNED_FOR_IPHONE_IPAD = NO;
				SWIFT_ACTIVE_COMPILATION_CONDITIONS = "DEBUG $(inherited)";
				SWIFT_EMIT_LOC_STRINGS = YES;
				SWIFT_VERSION = 5.0;
				TARGETED_DEVICE_FAMILY = "1,2";
			};
			name = Debug;
		};
		C47C99C62CA1C6BB00B5338B /* Release */ = {
			isa = XCBuildConfiguration;
			baseConfigurationReference = 4171C532FBB2053E055D7336 /* SampleCode.xcconfig */;
			buildSettings = {
				CLANG_CXX_LANGUAGE_STANDARD = "gnu++20";
				CODE_SIGN_IDENTITY = "Apple Development";
				CODE_SIGN_STYLE = Automatic;
				CURRENT_PROJECT_VERSION = 1;
				DEVELOPMENT_TEAM = ZQXV2YB52C;
				ENABLE_USER_SCRIPT_SANDBOXING = YES;
				GCC_C_LANGUAGE_STANDARD = gnu17;
				GENERATE_INFOPLIST_FILE = YES;
				INFOPLIST_FILE = ComposaCaptureExtension/Info.plist;
				INFOPLIST_KEY_CFBundleDisplayName = ComposaCaptureExtension;
				INFOPLIST_KEY_NSCameraUsageDescription = "To capture photos and videos.";
				INFOPLIST_KEY_NSHumanReadableCopyright = "";
				INFOPLIST_KEY_NSLocationWhenInUseUsageDescription = "Composa uses your location to tag where photos and videos are taken.";
				INFOPLIST_KEY_NSMicrophoneUsageDescription = "To record audio for Live Photos and videos.";
				IPHONEOS_DEPLOYMENT_TARGET = 18.0;
				LD_RUNPATH_SEARCH_PATHS = (
					"$(inherited)",
					"@executable_path/Frameworks",
					"@executable_path/../../Frameworks",
				);
				LOCALIZATION_PREFERS_STRING_CATALOGS = YES;
				MARKETING_VERSION = 1.0;
				PRODUCT_BUNDLE_IDENTIFIER = com.example.AVCamCodeSample.ComposaCaptureExtension;
				PRODUCT_NAME = "$(TARGET_NAME)";
				PROVISIONING_PROFILE_SPECIFIER = "";
				SDKROOT = iphoneos;
				SKIP_INSTALL = YES;
				SUPPORTED_PLATFORMS = "iphoneos iphonesimulator";
				SUPPORTS_MACCATALYST = NO;
				SUPPORTS_MAC_DESIGNED_FOR_IPHONE_IPAD = NO;
				SUPPORTS_XR_DESIGNED_FOR_IPHONE_IPAD = NO;
				SWIFT_EMIT_LOC_STRINGS = YES;
				SWIFT_VERSION = 5.0;
				TARGETED_DEVICE_FAMILY = "1,2";
				VALIDATE_PRODUCT = YES;
			};
			name = Release;
		};
		C4C6E20C2CA1CF270081A8EA /* Debug */ = {
			isa = XCBuildConfiguration;
			baseConfigurationReference = 4171C532FBB2053E055D7336 /* SampleCode.xcconfig */;
			buildSettings = {
				ASSETCATALOG_COMPILER_GLOBAL_ACCENT_COLOR_NAME = AccentColor;
				ASSETCATALOG_COMPILER_WIDGET_BACKGROUND_COLOR_NAME = WidgetBackground;
				CLANG_CXX_LANGUAGE_STANDARD = "gnu++20";
				CODE_SIGN_IDENTITY = "Apple Development";
				CODE_SIGN_STYLE = Automatic;
				CURRENT_PROJECT_VERSION = 1;
				DEVELOPMENT_TEAM = ZQXV2YB52C;
				ENABLE_USER_SCRIPT_SANDBOXING = YES;
				GCC_C_LANGUAGE_STANDARD = gnu17;
				GENERATE_INFOPLIST_FILE = YES;
				INFOPLIST_FILE = ComposaControlCenterExtension/Info.plist;
				INFOPLIST_KEY_CFBundleDisplayName = ComposaControlCenterExtension;
				INFOPLIST_KEY_NSHumanReadableCopyright = "";
				IPHONEOS_DEPLOYMENT_TARGET = 18.0;
				LD_RUNPATH_SEARCH_PATHS = (
					"$(inherited)",
					"@executable_path/Frameworks",
					"@executable_path/../../Frameworks",
				);
				LOCALIZATION_PREFERS_STRING_CATALOGS = YES;
				MARKETING_VERSION = 1.0;
				PRODUCT_BUNDLE_IDENTIFIER = com.example.AVCamCodeSample.AVCamControlCenterExtension;
				PRODUCT_NAME = "$(TARGET_NAME)";
				PROVISIONING_PROFILE_SPECIFIER = "";
				SDKROOT = iphoneos;
				SKIP_INSTALL = YES;
				SUPPORTED_PLATFORMS = "iphoneos iphonesimulator";
				SUPPORTS_MACCATALYST = NO;
				SUPPORTS_MAC_DESIGNED_FOR_IPHONE_IPAD = NO;
				SUPPORTS_XR_DESIGNED_FOR_IPHONE_IPAD = NO;
				SWIFT_ACTIVE_COMPILATION_CONDITIONS = "DEBUG $(inherited)";
				SWIFT_EMIT_LOC_STRINGS = YES;
				SWIFT_VERSION = 5.0;
				TARGETED_DEVICE_FAMILY = "1,2";
			};
			name = Debug;
		};
		C4C6E20D2CA1CF270081A8EA /* Release */ = {
			isa = XCBuildConfiguration;
			baseConfigurationReference = 4171C532FBB2053E055D7336 /* SampleCode.xcconfig */;
			buildSettings = {
				ASSETCATALOG_COMPILER_GLOBAL_ACCENT_COLOR_NAME = AccentColor;
				ASSETCATALOG_COMPILER_WIDGET_BACKGROUND_COLOR_NAME = WidgetBackground;
				CLANG_CXX_LANGUAGE_STANDARD = "gnu++20";
				CODE_SIGN_IDENTITY = "Apple Development";
				CODE_SIGN_STYLE = Automatic;
				CURRENT_PROJECT_VERSION = 1;
				DEVELOPMENT_TEAM = ZQXV2YB52C;
				ENABLE_USER_SCRIPT_SANDBOXING = YES;
				GCC_C_LANGUAGE_STANDARD = gnu17;
				GENERATE_INFOPLIST_FILE = YES;
				INFOPLIST_FILE = ComposaControlCenterExtension/Info.plist;
				INFOPLIST_KEY_CFBundleDisplayName = ComposaControlCenterExtension;
				INFOPLIST_KEY_NSHumanReadableCopyright = "";
				IPHONEOS_DEPLOYMENT_TARGET = 18.0;
				LD_RUNPATH_SEARCH_PATHS = (
					"$(inherited)",
					"@executable_path/Frameworks",
					"@executable_path/../../Frameworks",
				);
				LOCALIZATION_PREFERS_STRING_CATALOGS = YES;
				MARKETING_VERSION = 1.0;
				PRODUCT_BUNDLE_IDENTIFIER = com.example.AVCamCodeSample.AVCamControlCenterExtension;
				PRODUCT_NAME = "$(TARGET_NAME)";
				PROVISIONING_PROFILE_SPECIFIER = "";
				SDKROOT = iphoneos;
				SKIP_INSTALL = YES;
				SUPPORTED_PLATFORMS = "iphoneos iphonesimulator";
				SUPPORTS_MACCATALYST = NO;
				SUPPORTS_MAC_DESIGNED_FOR_IPHONE_IPAD = NO;
				SUPPORTS_XR_DESIGNED_FOR_IPHONE_IPAD = NO;
				SWIFT_EMIT_LOC_STRINGS = YES;
				SWIFT_VERSION = 5.0;
				TARGETED_DEVICE_FAMILY = "1,2";
				VALIDATE_PRODUCT = YES;
			};
			name = Release;
		};
		C4F82CBC285ADDA4005D427A /* Debug */ = {
			isa = XCBuildConfiguration;
			baseConfigurationReference = 4171C532FBB2053E055D7336 /* SampleCode.xcconfig */;
			buildSettings = {
				ALWAYS_SEARCH_USER_PATHS = NO;
				ASSETCATALOG_COMPILER_GENERATE_SWIFT_ASSET_SYMBOL_EXTENSIONS = YES;
				CLANG_ANALYZER_NONNULL = YES;
				CLANG_ANALYZER_NUMBER_OBJECT_CONVERSION = YES_AGGRESSIVE;
				CLANG_CXX_LANGUAGE_STANDARD = "gnu++17";
				CLANG_ENABLE_MODULES = YES;
				CLANG_ENABLE_OBJC_ARC = YES;
				CLANG_ENABLE_OBJC_WEAK = YES;
				CLANG_WARN_BLOCK_CAPTURE_AUTORELEASING = YES;
				CLANG_WARN_BOOL_CONVERSION = YES;
				CLANG_WARN_COMMA = YES;
				CLANG_WARN_CONSTANT_CONVERSION = YES;
				CLANG_WARN_DEPRECATED_OBJC_IMPLEMENTATIONS = YES;
				CLANG_WARN_DIRECT_OBJC_ISA_USAGE = YES_ERROR;
				CLANG_WARN_DOCUMENTATION_COMMENTS = YES;
				CLANG_WARN_EMPTY_BODY = YES;
				CLANG_WARN_ENUM_CONVERSION = YES;
				CLANG_WARN_INFINITE_RECURSION = YES;
				CLANG_WARN_INT_CONVERSION = YES;
				CLANG_WARN_NON_LITERAL_NULL_CONVERSION = YES;
				CLANG_WARN_OBJC_IMPLICIT_RETAIN_SELF = YES;
				CLANG_WARN_OBJC_LITERAL_CONVERSION = YES;
				CLANG_WARN_OBJC_ROOT_CLASS = YES_ERROR;
				CLANG_WARN_QUOTED_INCLUDE_IN_FRAMEWORK_HEADER = YES;
				CLANG_WARN_RANGE_LOOP_ANALYSIS = YES;
				CLANG_WARN_STRICT_PROTOTYPES = YES;
				CLANG_WARN_SUSPICIOUS_MOVE = YES;
				CLANG_WARN_UNGUARDED_AVAILABILITY = YES_AGGRESSIVE;
				CLANG_WARN_UNREACHABLE_CODE = YES;
				CLANG_WARN__DUPLICATE_METHOD_MATCH = YES;
				COPY_PHASE_STRIP = NO;
				DEAD_CODE_STRIPPING = YES;
				DEBUG_INFORMATION_FORMAT = dwarf;
				ENABLE_STRICT_OBJC_MSGSEND = YES;
				ENABLE_TESTABILITY = YES;
				ENABLE_USER_SCRIPT_SANDBOXING = YES;
				GCC_C_LANGUAGE_STANDARD = gnu11;
				GCC_DYNAMIC_NO_PIC = NO;
				GCC_NO_COMMON_BLOCKS = YES;
				GCC_OPTIMIZATION_LEVEL = 0;
				GCC_PREPROCESSOR_DEFINITIONS = (
					"DEBUG=1",
					"$(inherited)",
				);
				GCC_WARN_64_TO_32_BIT_CONVERSION = YES;
				GCC_WARN_ABOUT_RETURN_TYPE = YES_ERROR;
				GCC_WARN_UNDECLARED_SELECTOR = YES;
				GCC_WARN_UNINITIALIZED_AUTOS = YES_AGGRESSIVE;
				GCC_WARN_UNUSED_FUNCTION = YES;
				GCC_WARN_UNUSED_VARIABLE = YES;
				IPHONEOS_DEPLOYMENT_TARGET = 18.0;
				MACOSX_DEPLOYMENT_TARGET = 15.0;
				MTL_ENABLE_DEBUG_INFO = INCLUDE_SOURCE;
				MTL_FAST_MATH = YES;
				ONLY_ACTIVE_ARCH = YES;
				SDKROOT = iphoneos;
				SWIFT_ACTIVE_COMPILATION_CONDITIONS = DEBUG;
				SWIFT_OPTIMIZATION_LEVEL = "-Onone";
			};
			name = Debug;
		};
		C4F82CBD285ADDA4005D427A /* Release */ = {
			isa = XCBuildConfiguration;
			baseConfigurationReference = 4171C532FBB2053E055D7336 /* SampleCode.xcconfig */;
			buildSettings = {
				ALWAYS_SEARCH_USER_PATHS = NO;
				ASSETCATALOG_COMPILER_GENERATE_SWIFT_ASSET_SYMBOL_EXTENSIONS = YES;
				CLANG_ANALYZER_NONNULL = YES;
				CLANG_ANALYZER_NUMBER_OBJECT_CONVERSION = YES_AGGRESSIVE;
				CLANG_CXX_LANGUAGE_STANDARD = "gnu++17";
				CLANG_ENABLE_MODULES = YES;
				CLANG_ENABLE_OBJC_ARC = YES;
				CLANG_ENABLE_OBJC_WEAK = YES;
				CLANG_WARN_BLOCK_CAPTURE_AUTORELEASING = YES;
				CLANG_WARN_BOOL_CONVERSION = YES;
				CLANG_WARN_COMMA = YES;
				CLANG_WARN_CONSTANT_CONVERSION = YES;
				CLANG_WARN_DEPRECATED_OBJC_IMPLEMENTATIONS = YES;
				CLANG_WARN_DIRECT_OBJC_ISA_USAGE = YES_ERROR;
				CLANG_WARN_DOCUMENTATION_COMMENTS = YES;
				CLANG_WARN_EMPTY_BODY = YES;
				CLANG_WARN_ENUM_CONVERSION = YES;
				CLANG_WARN_INFINITE_RECURSION = YES;
				CLANG_WARN_INT_CONVERSION = YES;
				CLANG_WARN_NON_LITERAL_NULL_CONVERSION = YES;
				CLANG_WARN_OBJC_IMPLICIT_RETAIN_SELF = YES;
				CLANG_WARN_OBJC_LITERAL_CONVERSION = YES;
				CLANG_WARN_OBJC_ROOT_CLASS = YES_ERROR;
				CLANG_WARN_QUOTED_INCLUDE_IN_FRAMEWORK_HEADER = YES;
				CLANG_WARN_RANGE_LOOP_ANALYSIS = YES;
				CLANG_WARN_STRICT_PROTOTYPES = YES;
				CLANG_WARN_SUSPICIOUS_MOVE = YES;
				CLANG_WARN_UNGUARDED_AVAILABILITY = YES_AGGRESSIVE;
				CLANG_WARN_UNREACHABLE_CODE = YES;
				CLANG_WARN__DUPLICATE_METHOD_MATCH = YES;
				COPY_PHASE_STRIP = NO;
				DEAD_CODE_STRIPPING = YES;
				DEBUG_INFORMATION_FORMAT = "dwarf-with-dsym";
				ENABLE_NS_ASSERTIONS = NO;
				ENABLE_STRICT_OBJC_MSGSEND = YES;
				ENABLE_USER_SCRIPT_SANDBOXING = YES;
				GCC_C_LANGUAGE_STANDARD = gnu11;
				GCC_NO_COMMON_BLOCKS = YES;
				GCC_WARN_64_TO_32_BIT_CONVERSION = YES;
				GCC_WARN_ABOUT_RETURN_TYPE = YES_ERROR;
				GCC_WARN_UNDECLARED_SELECTOR = YES;
				GCC_WARN_UNINITIALIZED_AUTOS = YES_AGGRESSIVE;
				GCC_WARN_UNUSED_FUNCTION = YES;
				GCC_WARN_UNUSED_VARIABLE = YES;
				IPHONEOS_DEPLOYMENT_TARGET = 18.0;
				MACOSX_DEPLOYMENT_TARGET = 15.0;
				MTL_ENABLE_DEBUG_INFO = NO;
				MTL_FAST_MATH = YES;
				SDKROOT = iphoneos;
				SWIFT_COMPILATION_MODE = wholemodule;
				SWIFT_OPTIMIZATION_LEVEL = "-O";
			};
			name = Release;
		};
		C4F82CBF285ADDA4005D427A /* Debug */ = {
			isa = XCBuildConfiguration;
			baseConfigurationReference = 4171C532FBB2053E055D7336 /* SampleCode.xcconfig */;
			buildSettings = {
				ASSETCATALOG_COMPILER_APPICON_NAME = AppIcon;
				ASSETCATALOG_COMPILER_GLOBAL_ACCENT_COLOR_NAME = AccentColor;
				CODE_SIGN_IDENTITY = "Apple Development";
				CODE_SIGN_STYLE = Automatic;
				CURRENT_PROJECT_VERSION = 1;
				DEAD_CODE_STRIPPING = YES;
				DEVELOPMENT_ASSET_PATHS = "\"Composa/Preview Content\"";
				DEVELOPMENT_TEAM = ZQXV2YB52C;
				ENABLE_HARDENED_RUNTIME = YES;
				"ENABLE_HARDENED_RUNTIME[sdk=macosx*]" = YES;
				ENABLE_PREVIEWS = YES;
				ENABLE_USER_SCRIPT_SANDBOXING = YES;
				GENERATE_INFOPLIST_FILE = YES;
				INFOPLIST_FILE = Composa/Info.plist;
				INFOPLIST_KEY_LSApplicationCategoryType = "public.app-category.photography";
				INFOPLIST_KEY_NSCameraUsageDescription = "To capture photos and videos.";
				INFOPLIST_KEY_NSLocationWhenInUseUsageDescription = "AVCam uses your location to tag where photos and videos are taken.";
				INFOPLIST_KEY_NSMicrophoneUsageDescription = "To record audio for Live Photos and videos.";
				INFOPLIST_KEY_NSPhotoLibraryUsageDescription = "To save captured photos and videos.";
				INFOPLIST_KEY_UILaunchScreen_Generation = YES;
				"INFOPLIST_KEY_UILaunchScreen_Generation[sdk=iphoneos*]" = YES;
				"INFOPLIST_KEY_UILaunchScreen_Generation[sdk=iphonesimulator*]" = YES;
				INFOPLIST_KEY_UIRequiresFullScreen = NO;
				INFOPLIST_KEY_UISupportedInterfaceOrientations = UIInterfaceOrientationPortrait;
				INFOPLIST_KEY_UISupportedInterfaceOrientations_iPad = "UIInterfaceOrientationLandscapeLeft UIInterfaceOrientationLandscapeRight UIInterfaceOrientationPortrait UIInterfaceOrientationPortraitUpsideDown";
				INFOPLIST_KEY_UIUserInterfaceStyle = Dark;
				IPHONEOS_DEPLOYMENT_TARGET = 18.0;
				LD_RUNPATH_SEARCH_PATHS = "@executable_path/Frameworks";
				"LD_RUNPATH_SEARCH_PATHS[sdk=macosx*]" = "@executable_path/../Frameworks";
				MACOSX_DEPLOYMENT_TARGET = 13.0;
				MARKETING_VERSION = 1.0;
				PRODUCT_BUNDLE_IDENTIFIER = com.example.AVCamCodeSample;
				PRODUCT_NAME = "$(TARGET_NAME)";
				PROVISIONING_PROFILE_SPECIFIER = "";
				SDKROOT = iphoneos;
				SUPPORTED_PLATFORMS = "iphoneos iphonesimulator";
				SUPPORTS_MACCATALYST = NO;
				SUPPORTS_MAC_DESIGNED_FOR_IPHONE_IPAD = NO;
				SUPPORTS_XR_DESIGNED_FOR_IPHONE_IPAD = NO;
				SWIFT_EMIT_LOC_STRINGS = YES;
				SWIFT_STRICT_CONCURRENCY = minimal;
				SWIFT_VERSION = 5.0;
				TARGETED_DEVICE_FAMILY = "1,2";
			};
			name = Debug;
		};
		C4F82CC0285ADDA4005D427A /* Release */ = {
			isa = XCBuildConfiguration;
			baseConfigurationReference = 4171C532FBB2053E055D7336 /* SampleCode.xcconfig */;
			buildSettings = {
				ASSETCATALOG_COMPILER_APPICON_NAME = AppIcon;
				ASSETCATALOG_COMPILER_GLOBAL_ACCENT_COLOR_NAME = AccentColor;
				CODE_SIGN_IDENTITY = "Apple Development";
				CODE_SIGN_STYLE = Automatic;
				CURRENT_PROJECT_VERSION = 1;
				DEAD_CODE_STRIPPING = YES;
				DEVELOPMENT_ASSET_PATHS = "\"Composa/Preview Content\"";
				DEVELOPMENT_TEAM = ZQXV2YB52C;
				ENABLE_HARDENED_RUNTIME = YES;
				"ENABLE_HARDENED_RUNTIME[sdk=macosx*]" = YES;
				ENABLE_PREVIEWS = YES;
				ENABLE_USER_SCRIPT_SANDBOXING = YES;
				GENERATE_INFOPLIST_FILE = YES;
				INFOPLIST_FILE = Composa/Info.plist;
				INFOPLIST_KEY_LSApplicationCategoryType = "public.app-category.photography";
				INFOPLIST_KEY_NSCameraUsageDescription = "To capture photos and videos.";
				INFOPLIST_KEY_NSLocationWhenInUseUsageDescription = "AVCam uses your location to tag where photos and videos are taken.";
				INFOPLIST_KEY_NSMicrophoneUsageDescription = "To record audio for Live Photos and videos.";
				INFOPLIST_KEY_NSPhotoLibraryUsageDescription = "To save captured photos and videos.";
				INFOPLIST_KEY_UILaunchScreen_Generation = YES;
				"INFOPLIST_KEY_UILaunchScreen_Generation[sdk=iphoneos*]" = YES;
				"INFOPLIST_KEY_UILaunchScreen_Generation[sdk=iphonesimulator*]" = YES;
				INFOPLIST_KEY_UIRequiresFullScreen = NO;
				INFOPLIST_KEY_UISupportedInterfaceOrientations = UIInterfaceOrientationPortrait;
				INFOPLIST_KEY_UISupportedInterfaceOrientations_iPad = "UIInterfaceOrientationLandscapeLeft UIInterfaceOrientationLandscapeRight UIInterfaceOrientationPortrait UIInterfaceOrientationPortraitUpsideDown";
				INFOPLIST_KEY_UIUserInterfaceStyle = Dark;
				IPHONEOS_DEPLOYMENT_TARGET = 18.0;
				LD_RUNPATH_SEARCH_PATHS = "@executable_path/Frameworks";
				"LD_RUNPATH_SEARCH_PATHS[sdk=macosx*]" = "@executable_path/../Frameworks";
				MACOSX_DEPLOYMENT_TARGET = 13.0;
				MARKETING_VERSION = 1.0;
				PRODUCT_BUNDLE_IDENTIFIER = com.example.AVCamCodeSample;
				PRODUCT_NAME = "$(TARGET_NAME)";
				PROVISIONING_PROFILE_SPECIFIER = "";
				SDKROOT = iphoneos;
				SUPPORTED_PLATFORMS = "iphoneos iphonesimulator";
				SUPPORTS_MACCATALYST = NO;
				SUPPORTS_MAC_DESIGNED_FOR_IPHONE_IPAD = NO;
				SUPPORTS_XR_DESIGNED_FOR_IPHONE_IPAD = NO;
				SWIFT_EMIT_LOC_STRINGS = YES;
				SWIFT_STRICT_CONCURRENCY = minimal;
				SWIFT_VERSION = 5.0;
				TARGETED_DEVICE_FAMILY = "1,2";
			};
			name = Release;
		};
/* End XCBuildConfiguration section */

/* Begin XCConfigurationList section */
		775B644F2DB526E800E60CF4 /* Build configuration list for PBXNativeTarget "ComposaRemoteApp Watch App" */ = {
			isa = XCConfigurationList;
			buildConfigurations = (
				775B64492DB526E800E60CF4 /* Debug */,
				775B644A2DB526E800E60CF4 /* Release */,
			);
			defaultConfigurationIsVisible = 0;
			defaultConfigurationName = Release;
		};
		775B64502DB526E800E60CF4 /* Build configuration list for PBXNativeTarget "ComposaRemoteApp Watch AppTests" */ = {
			isa = XCConfigurationList;
			buildConfigurations = (
				775B644B2DB526E800E60CF4 /* Debug */,
				775B644C2DB526E800E60CF4 /* Release */,
			);
			defaultConfigurationIsVisible = 0;
			defaultConfigurationName = Release;
		};
		775B64512DB526E800E60CF4 /* Build configuration list for PBXNativeTarget "ComposaRemoteApp Watch AppUITests" */ = {
			isa = XCConfigurationList;
			buildConfigurations = (
				775B644D2DB526E800E60CF4 /* Debug */,
				775B644E2DB526E800E60CF4 /* Release */,
			);
			defaultConfigurationIsVisible = 0;
			defaultConfigurationName = Release;
		};
		C47C99C82CA1C6BB00B5338B /* Build configuration list for PBXNativeTarget "ComposaCaptureExtension" */ = {
			isa = XCConfigurationList;
			buildConfigurations = (
				C47C99C52CA1C6BB00B5338B /* Debug */,
				C47C99C62CA1C6BB00B5338B /* Release */,
			);
			defaultConfigurationIsVisible = 0;
			defaultConfigurationName = Release;
		};
		C4C6E20F2CA1CF270081A8EA /* Build configuration list for PBXNativeTarget "ComposaControlCenterExtension" */ = {
			isa = XCConfigurationList;
			buildConfigurations = (
				C4C6E20C2CA1CF270081A8EA /* Debug */,
				C4C6E20D2CA1CF270081A8EA /* Release */,
			);
			defaultConfigurationIsVisible = 0;
			defaultConfigurationName = Release;
		};
		C4F82C94285ADDA2005D427A /* Build configuration list for PBXProject "Composa" */ = {
			isa = XCConfigurationList;
			buildConfigurations = (
				C4F82CBC285ADDA4005D427A /* Debug */,
				C4F82CBD285ADDA4005D427A /* Release */,
			);
			defaultConfigurationIsVisible = 0;
			defaultConfigurationName = Release;
		};
		C4F82CBE285ADDA4005D427A /* Build configuration list for PBXNativeTarget "Composa" */ = {
			isa = XCConfigurationList;
			buildConfigurations = (
				C4F82CBF285ADDA4005D427A /* Debug */,
				C4F82CC0285ADDA4005D427A /* Release */,
			);
			defaultConfigurationIsVisible = 0;
			defaultConfigurationName = Release;
		};
/* End XCConfigurationList section */
	};
	rootObject = C4F82C91285ADDA2005D427A /* Project object */;
}
